#MicroXplorer Configuration settings - do not modify
Dma.SPI1_TX.1.Priority=DMA_PRIORITY_MEDIUM
PB13.GPIOParameters=GPIO_Speed,GPIO_PuPd,GPIO_ModeDefaultOutputPP
PC7.GPIOParameters=GPIO_Speed,GPIO_PuPd,GPIO_ModeDefaultOutputPP
Dma.TIM1_CH3.6.RequestParameters=Instance,Direction,PeriphInc,MemInc,PeriphDataAlignment,MemDataAlignment,Mode,Priority,FIFOMode,FIFOThreshold,MemBurst,PeriphBurst
TIM1.OCIdleState_1=TIM_OCIDLESTATE_RESET
FATFS._USE_LFN=1
I2S1.ErrorAudioFreq=0.24 %
Dma.TIM1_CH1.4.MemDataAlignment=DMA_MDATAALIGN_HALFWORD
VP_TIM11_VS_OPM.Signal=TIM11_VS_OPM
PB10.GPIO_PuPd=GPIO_PULLDOWN
PC9.GPIO_PuPdOD=GPIO_NOPULL
VP_FATFS_VS_SDIO.Mode=SDIO
I2C3.DutyCycle=I2C_DUTYCYCLE_2
TIM1.IPParameters=Channel-PWM Generation3 No Output,Channel-PWM Generation1 No Output,Period,Prescaler,Pulse-PWM Generation3 No Output,CounterMode,ClockDivision,BreakState,OC1Preload_PWM,OC3Preload_PWM,OCPolarity_3,OCMode_PWM-PWM Generation3 No Output,OCMode_PWM-PWM Generation1 No Output,AutoReloadPreload,TIM_MasterOutputTrigger,TIM_MasterSlaveMode,OCFastMode_PWM-PWM Generation3 No Output,OCPolarity_1,OCIdleState_1,OCIdleState_3,Channel-PWM Generation2 No Output,Channel-PWM Generation4 No Output,OCMode_PWM-PWM Generation2 No Output,OCMode_PWM-PWM Generation4 No Output,Pulse-PWM Generation4 No Output,Pulse-PWM Generation1 No Output,Pulse-PWM Generation2 No Output,OC2Preload_PWM,OC4Preload_PWM,OCFastMode_PWM-PWM Generation4 No Output,OCFastMode_PWM-PWM Generation1 No Output,OCFastMode_PWM-PWM Generation2 No Output
SH.GPXTI9.0=GPIO_EXTI9
Dma.SPI1_TX.1.FIFOMode=DMA_FIFOMODE_ENABLE
Dma.TIM1_CH2.5.MemInc=DMA_MINC_ENABLE
ADC1.LowThreshold=0x30
RCC.PLLCLKFreq_Value=120000000
TIM1.OCIdleState_3=TIM_OCIDLESTATE_RESET
PC12.Signal=SDIO_CK
Dma.TIM1_CH1.4.Direction=DMA_MEMORY_TO_PERIPH
RCC.PLLQCLKFreq_Value=48000000
PC7.Locked=true
Dma.I2C3_TX.2.FIFOMode=DMA_FIFOMODE_DISABLE
Dma.I2C3_RX.3.Mode=DMA_NORMAL
I2S1.Mode=I2S_MODE_MASTER_TX
PB9.GPIO_ModeDefaultOutputPP=GPIO_MODE_OUTPUT_PP
VP_RTC_VS_RTC_Activate.Mode=RTC_Enabled
PC3.Locked=true
RCC.RTCFreq_Value=32768
PC0.GPIO_ModeDefaultOutputPP=GPIO_MODE_OUTPUT_PP
PA3.GPIOParameters=GPIO_Label,GPIO_ModeDefaultEXTI
PA6.GPIO_Label=MAX_SD
PD2.GPIOParameters=GPIO_PuPd,GPIO_Speed_High_Default
PB13.Signal=GPIO_Output
Dma.TIM1_UP.8.PeriphDataAlignment=DMA_PDATAALIGN_HALFWORD
PA2.GPIOParameters=GPIO_Label,GPIO_ModeDefaultEXTI
PinOutPanel.RotationAngle=0
PB3.GPIO_Speed=GPIO_SPEED_FREQ_MEDIUM
I2S1.Instance=SPI$Index
TIM4.TIM_MasterOutputTrigger=TIM_TRGO_UPDATE
PC3.GPIO_Speed=GPIO_SPEED_FREQ_MEDIUM
RCC.SYSCLKSource=RCC_SYSCLKSOURCE_PLLCLK
VP_TIM1_VS_no_output1.Mode=PWM Generation1 No Output
NVIC.SVCall_IRQn=true\:0\:0\:false\:false\:true\:false\:false
NVIC.EXTI1_IRQn=true\:15\:0\:true\:false\:true\:true\:true
SH.GPXTI3.ConfNb=1
PA4.Mode=Half_Duplex_Master
VP_FATFS_VS_SDIO.Signal=FATFS_VS_SDIO
STMicroelectronics.X-CUBE-AI.5.1.2.ModelKind-7eaf034a37b35a45d6d7cf12b8d3d31f6f34ced2ad5d0e77518c34e53d65cea4=KERAS
RCC.APB2TimFreq_Value=120000000
Dma.I2C3_TX.2.Priority=DMA_PRIORITY_VERY_HIGH
SDIO.IPParameters=ClockBypass,ClockDiv,HardwareFlowControl,ClockPowerSave
PB6.Signal=GPIO_Output
VP_TIM10_VS_ClockSourceINT.Mode=Enable_Timer
Dma.ADC1.0.Direction=DMA_PERIPH_TO_MEMORY
PC7.Signal=GPIO_Output
ADC1.InjNumberOfConversion=0
PB15.GPIO_ModeDefaultOutputPP=GPIO_MODE_OUTPUT_PP
PC3.Signal=GPIO_Output
Dma.ADC1.0.MemDataAlignment=DMA_MDATAALIGN_HALFWORD
PB13.Locked=true
NVIC.EXTI15_10_IRQn=true\:15\:0\:true\:false\:true\:true\:true
Dma.SPI1_TX.1.PeriphDataAlignment=DMA_PDATAALIGN_HALFWORD
ProjectManager.ProjectBuild=false
NVIC.TIM1_TRG_COM_TIM11_IRQn=true\:14\:0\:true\:false\:true\:true\:true
NVIC.UsageFault_IRQn=true\:0\:0\:false\:false\:true\:false\:false
PB2.Signal=GPIO_Output
PB12.GPIO_ModeDefaultOutputPP=GPIO_MODE_OUTPUT_PP
PC1.GPIO_PuPd=GPIO_PULLDOWN
Dma.I2C3_TX.2.Instance=DMA1_Stream4
Dma.TIM1_CH4/TRIG/COM.7.Mode=DMA_CIRCULAR
TIM12.Period=1
VP_TIM10_VS_OPM.Signal=TIM10_VS_OPM
STMicroelectronics.X-CUBE-AI.5.1.2.StackSize=0x4000
STMicroelectronics.X-CUBE-AI.5.1.2.ModelActualCompression-7eaf034a37b35a45d6d7cf12b8d3d31f6f34ced2ad5d0e77518c34e53d65cea4=0.0
ProjectManager.FirmwarePackage=STM32Cube FW_F4 V1.25.2
Dma.TIM1_CH4/TRIG/COM.7.Priority=DMA_PRIORITY_HIGH
MxDb.Version=DB.6.0.10
PB0.GPIOParameters=GPIO_Speed,GPIO_PuPd,GPIO_ModeDefaultOutputPP
Dma.TIM1_CH1.4.FIFOMode=DMA_FIFOMODE_ENABLE
PA1.GPIOParameters=GPIO_Label,GPIO_ModeDefaultEXTI
ProjectManager.BackupPrevious=true
VP_TIM1_VS_no_output3.Signal=TIM1_VS_no_output3
Dma.TIM1_UP.8.MemBurst=DMA_MBURST_INC8
Dma.SPI1_TX.1.Mode=DMA_CIRCULAR
PB1.GPIO_Speed=GPIO_SPEED_FREQ_MEDIUM
PA8.GPIO_PuPdOD=GPIO_NOPULL
TIM1.OC2Preload_PWM=ENABLE
PA5.GPIO_PuPd=GPIO_PULLDOWN
Dma.ADC1.0.PeriphInc=DMA_PINC_DISABLE
PC9.Mode=I2C
Dma.TIM1_CH4/TRIG/COM.7.FIFOMode=DMA_FIFOMODE_ENABLE
STMicroelectronics.X-CUBE-AI.5.1.2.ModelNameList=voicecommandsnn
FATFS._USE_MKFS=0
PA8.Signal=I2C3_SCL
I2S1.IPParameters=Instance,VirtualMode,FullDuplexMode,RealAudioFreq,ErrorAudioFreq,AudioFreq,Mode,CPOL,Standard,AudioFreqCustom
Dma.TIM1_CH3.6.PeriphInc=DMA_PINC_DISABLE
RCC.PLLRCLKFreq_Value=48000000
SH.GPXTI11.ConfNb=1
PB6.Locked=true
Dma.TIM1_CH2.5.PeriphDataAlignment=DMA_PDATAALIGN_BYTE
NVIC.PendSV_IRQn=true\:0\:0\:false\:false\:true\:false\:false
TIM4.Period=3
Dma.TIM1_CH1.4.PeriphDataAlignment=DMA_PDATAALIGN_HALFWORD
RCC.PLLI2SoutputFreq_Value=43227272.72727273
ProjectManager.HalAssertFull=false
PB2.GPIO_PuPd=GPIO_PULLDOWN
VP_TIM1_VS_ClockSourceINT.Mode=Internal
ADC1.SamplingTime-0\#ChannelRegularConversion=ADC_SAMPLETIME_144CYCLES
FATFS._FS_TIMEOUT=2000
PA0.Signal=ADCx_IN0
Dma.TIM1_CH2.5.MemDataAlignment=DMA_MDATAALIGN_BYTE
RCC.MCO2PinFreq_Value=120000000
PC8.GPIOParameters=GPIO_PuPd,GPIO_Speed_High_Default
Dma.SPI1_TX.1.RequestParameters=Instance,Direction,PeriphInc,MemInc,PeriphDataAlignment,MemDataAlignment,Mode,Priority,FIFOMode,FIFOThreshold,MemBurst,PeriphBurst
STMicroelectronics.X-CUBE-AI.5.1.2.MaximumNumberOfInputLayer=1
Mcu.Package=LQFP64
PB9.Signal=GPIO_Output
PB1.Signal=GPIO_Output
PB14.GPIO_PuPd=GPIO_PULLDOWN
SH.GPXTI11.0=GPIO_EXTI11
RCC.I2S2Freq_Value=49402597.402597405
PA10.GPIO_ModeDefaultEXTI=GPIO_MODE_IT_RISING_FALLING
VP_TIM5_VS_ControllerModeClock.Signal=TIM5_VS_ControllerModeClock
PB6.GPIO_ModeDefaultOutputPP=GPIO_MODE_OUTPUT_PP
VP_SYS_VS_Systick.Signal=SYS_VS_Systick
PA10.Signal=GPXTI10
PB9.GPIO_PuPd=GPIO_PULLDOWN
VP_TIM11_VS_ClockSourceINT.Signal=TIM11_VS_ClockSourceINT
RCC.DFSDMFreq_Value=60000000
PA5.GPIOParameters=GPIO_Speed,GPIO_PuPd
PB14.GPIOParameters=GPIO_Speed,GPIO_PuPd,GPIO_ModeDefaultOutputPP
PA6.GPIO_ModeDefaultOutputPP=GPIO_MODE_OUTPUT_PP
PB5.GPIO_Speed=GPIO_SPEED_FREQ_MEDIUM
RCC.APB2CLKDivider=RCC_HCLK_DIV2
NVIC.DMA2_Stream2_IRQn=true\:12\:0\:true\:false\:true\:false\:true
NVIC.EXTI2_IRQn=true\:15\:0\:true\:false\:true\:true\:true
RCC.APB1TimFreq_Value=120000000
Dma.SPI1_TX.1.PeriphBurst=DMA_PBURST_SINGLE
NVIC.BusFault_IRQn=true\:0\:0\:false\:false\:true\:false\:false
Dma.ADC1.0.FIFOMode=DMA_FIFOMODE_ENABLE
PB0.GPIO_ModeDefaultOutputPP=GPIO_MODE_OUTPUT_PP
TIM1.Period=5999
TIM1.Channel-PWM\ Generation2\ No\ Output=TIM_CHANNEL_2
USB_OTG_FS.IPParameters=VirtualMode
PB10.GPIOParameters=GPIO_Speed,GPIO_PuPd,GPIO_ModeDefaultOutputPP
Dma.I2C3_TX.2.PeriphInc=DMA_PINC_DISABLE
RCC.PLLI2SQoutputFreq_Value=43227272.72727273
PC12.GPIO_PuPd=GPIO_NOPULL
RCC.DFSDMAudioFreq_Value=49402597.402597405
TIM5.CounterMode=TIM_COUNTERMODE_UP
PB2.GPIO_ModeDefaultOutputPP=GPIO_MODE_OUTPUT_PP
TIM1.OCFastMode_PWM-PWM\ Generation4\ No\ Output=TIM_OCFAST_ENABLE
VP_TIM5_VS_ClockSourceITR.Mode=TriggerSource_ITR2
ADC1.EOCSelection=ADC_EOC_SEQ_CONV
ProjectManager.CustomerFirmwarePackage=
STMicroelectronics.X-CUBE-AI.5.1.2.MaximumNumberOfOutputLayer=1
Dma.SPI1_TX.1.Instance=DMA2_Stream3
FATFS._MIN_SS=512
Dma.I2C3_TX.2.RequestParameters=Instance,Direction,PeriphInc,MemInc,PeriphDataAlignment,MemDataAlignment,Mode,Priority,FIFOMode
PA5.Mode=Half_Duplex_Master
PA6.GPIOParameters=GPIO_PuPd,GPIO_Label,GPIO_ModeDefaultOutputPP
SH.GPXTI10.0=GPIO_EXTI10
STMicroelectronics.X-CUBE-AI.5.1.2.ModelType-7eaf034a37b35a45d6d7cf12b8d3d31f6f34ced2ad5d0e77518c34e53d65cea4=Saved model
PB7.GPIO_PuPd=GPIO_PULLDOWN
PB5.GPIO_ModeDefaultOutputPP=GPIO_MODE_OUTPUT_PP
PC7.GPIO_ModeDefaultOutputPP=GPIO_MODE_OUTPUT_PP
Dma.I2C3_RX.3.Priority=DMA_PRIORITY_LOW
Dma.TIM1_CH4/TRIG/COM.7.RequestParameters=Instance,Direction,PeriphInc,MemInc,PeriphDataAlignment,MemDataAlignment,Mode,Priority,FIFOMode,FIFOThreshold,MemBurst,PeriphBurst
RCC.PLLQoutputFreq_Value=48000000
TIM1.OCPolarity_1=TIM_OCPOLARITY_HIGH
ProjectManager.ProjectFileName=LCube.ioc
Dma.TIM1_CH2.5.FIFOMode=DMA_FIFOMODE_ENABLE
TIM1.OCPolarity_3=TIM_OCPOLARITY_HIGH
Dma.ADC1.0.Instance=DMA2_Stream0
ADC1.Rank-0\#ChannelRegularConversion=1
TIM5.IPParameters=ClockDivision,Prescaler,Period,CounterMode
PA15.GPIOParameters=GPIO_Label
Mcu.PinsNb=68
Dma.TIM1_CH4/TRIG/COM.7.Direction=DMA_MEMORY_TO_PERIPH
PD2.GPIO_PuPd=GPIO_NOPULL
Dma.TIM1_CH2.5.PeriphBurst=DMA_PBURST_SINGLE
PC11.Locked=true
ADC1.IPParameters=Rank-0\#ChannelRegularConversion,master,Channel-0\#ChannelRegularConversion,SamplingTime-0\#ChannelRegularConversion,NbrOfConversionFlag,ExternalTrigConv,ContinuousConvMode,DMAContinuousRequests,EOCSelection,NbrOfConversion,InjNumberOfConversion,EnableAnalogWatchDog,WatchdogMode,ITMode,LowThreshold,HighThreshold,DataAlign
TIM1.CounterMode=TIM_COUNTERMODE_DOWN
PA9.GPIO_Label=USBC_Vbus
PB6.GPIO_PuPd=GPIO_PULLDOWN
TIM1.OC3Preload_PWM=ENABLE
PH1\ -\ OSC_OUT.Mode=HSE-External-Oscillator
PB8.GPIO_PuPd=GPIO_PULLDOWN
PC2.Signal=GPIO_Output
TIM1.OC4Preload_PWM=ENABLE
TIM4.TIM_MasterSlaveMode=TIM_MASTERSLAVEMODE_DISABLE
NVIC.DMA2_Stream1_IRQn=true\:12\:0\:true\:false\:true\:false\:true
PC0.Signal=GPIO_Output
PB14.Locked=true
RCC.APB1CLKDivider=RCC_HCLK_DIV2
PC14-OSC32_IN.Signal=RCC_OSC32_IN
PC11.GPIOParameters=GPIO_PuPd,GPIO_Label,GPIO_ModeDefaultEXTI
Mcu.Pin62=VP_TIM10_VS_OPM
Mcu.Pin63=VP_TIM11_VS_ClockSourceINT
ADC1.WatchdogMode=ADC_ANALOGWATCHDOG_SINGLE_REG
Mcu.Pin60=VP_TIM5_VS_ClockSourceITR
Mcu.Pin61=VP_TIM10_VS_ClockSourceINT
Mcu.Pin66=VP_TIM12_VS_OPM
Mcu.Pin67=VP_STMicroelectronics.X-CUBE-AI_VS_ArtificialOoIntelligenceJjXAaCUBEAaAI_5.1.2
Mcu.Pin64=VP_TIM11_VS_OPM
Mcu.Pin65=VP_TIM12_VS_ClockSourceINT
PA3.GPIO_ModeDefaultEXTI=GPIO_MODE_IT_RISING_FALLING
I2S1.Standard=I2S_STANDARD_PHILIPS
PC3.GPIOParameters=GPIO_Speed,GPIO_PuPd,GPIO_ModeDefaultOutputPP
SDIO.ClockPowerSave=SDIO_CLOCK_POWER_SAVE_DISABLE
TIM1.AutoReloadPreload=TIM_AUTORELOAD_PRELOAD_DISABLE
PA15.Locked=true
Dma.SPI1_TX.1.MemDataAlignment=DMA_MDATAALIGN_HALFWORD
Mcu.Pin59=VP_TIM5_VS_ControllerModeClock
SH.GPXTI2.ConfNb=1
Mcu.Pin57=VP_TIM4_VS_ClockSourceINT
Mcu.Pin58=VP_TIM4_VS_ClockSourceITR
PB14.GPIO_Speed=GPIO_SPEED_FREQ_MEDIUM
TIM4.IPParameters=Period,TIM_MasterSlaveMode,TIM_MasterOutputTrigger
Mcu.Pin51=VP_TIM1_VS_ClockSourceITR
Mcu.Pin52=VP_TIM1_VS_no_output1
VP_CRC_VS_CRC.Signal=CRC_VS_CRC
Mcu.Pin50=VP_TIM1_VS_ClockSourceINT
Mcu.Pin55=VP_TIM1_VS_no_output4
Mcu.Pin56=VP_TIM3_VS_ClockSourceINT
Mcu.Pin53=VP_TIM1_VS_no_output2
Mcu.Pin54=VP_TIM1_VS_no_output3
Dma.ADC1.0.Priority=DMA_PRIORITY_LOW
PA9.Signal=GPXTI9
VP_TIM1_VS_ClockSourceINT.Signal=TIM1_VS_ClockSourceINT
PB13.GPIO_Speed=GPIO_SPEED_FREQ_MEDIUM
VP_TIM1_VS_ClockSourceITR.Mode=TriggerSource_ITR0
PB5.Locked=true
PB9.Locked=true
VP_TIM4_VS_ClockSourceITR.Signal=TIM4_VS_ClockSourceITR
STMicroelectronics.X-CUBE-AI.5.1.2.InternalRamActivationBufferMaxSize=AI_VOICECOMMANDSNN_DATA_ACTIVATIONS_SIZE
PB4.GPIO_PuPd=GPIO_PULLDOWN
PC7.GPIO_PuPd=GPIO_PULLDOWN
Dma.TIM1_CH4/TRIG/COM.7.Instance=DMA2_Stream4
SDIO.ClockDiv=2
NVIC.DMA2_Stream6_IRQn=true\:12\:0\:true\:false\:true\:false\:true
Mcu.Pin48=VP_RTC_VS_RTC_Activate
Mcu.Pin49=VP_SYS_VS_Systick
Mcu.Pin46=VP_CRC_VS_CRC
Mcu.Pin47=VP_FATFS_VS_SDIO
PB10.Signal=GPIO_Output
PB14.Signal=GPIO_Output
PA5.Signal=I2S1_CK
Mcu.Pin40=PB4
Mcu.Pin41=PB5
PC12.Mode=SD_1_bit
Mcu.Pin44=PB8
PH1\ -\ OSC_OUT.Signal=RCC_OSC_OUT
Mcu.Pin45=PB9
Dma.TIM1_UP.8.FIFOThreshold=DMA_FIFO_THRESHOLD_FULL
FATFS._USE_EXPAND=1
Mcu.Pin42=PB6
Dma.TIM1_UP.8.PeriphBurst=DMA_PBURST_SINGLE
Mcu.Pin43=PB7
Dma.TIM1_CH3.6.MemBurst=DMA_MBURST_INC8
Dma.TIM1_CH1.4.Priority=DMA_PRIORITY_HIGH
ProjectManager.LastFirmware=true
PA7.GPIO_Speed=GPIO_SPEED_FREQ_LOW
PB13.GPIO_PuPd=GPIO_PULLDOWN
TIM1.TIM_MasterOutputTrigger=TIM_TRGO_RESET
STMicroelectronics.X-CUBE-AI.5.1.2.ActivationBufferSizeList=21352
VP_TIM1_VS_no_output4.Signal=TIM1_VS_no_output4
Mcu.Pin37=PC12
PC11.GPIO_ModeDefaultEXTI=GPIO_MODE_IT_RISING_FALLING
Mcu.Pin38=PD2
Mcu.Pin35=PC10
Mcu.Pin36=PC11
RCC.PLLI2SPCLKFreq_Value=43227272.72727273
SH.ADCx_IN0.ConfNb=1
VP_TIM1_VS_no_output3.Mode=PWM Generation3 No Output
VP_TIM4_VS_ClockSourceITR.Mode=TriggerSource_ITR2
Mcu.Pin39=PB3
VP_TIM12_VS_ClockSourceINT.Signal=TIM12_VS_ClockSourceINT
RCC.RNGFreq_Value=48000000
PC2.GPIOParameters=GPIO_Speed,GPIO_PuPd,GPIO_ModeDefaultOutputPP
Mcu.Pin30=PA11
PA1.GPIO_Label=Button2
Mcu.Pin33=PA14
TIM3.IPParameters=Prescaler,Period,TIM_MasterOutputTrigger
Mcu.Pin34=PA15
Mcu.Pin31=PA12
RCC.RCC_RTC_Clock_SourceVirtual=RCC_RTCCLKSOURCE_LSE
PC1.GPIO_Speed=GPIO_SPEED_FREQ_MEDIUM
Mcu.Pin32=PA13
PA9.Locked=true
Dma.I2C3_RX.3.PeriphDataAlignment=DMA_PDATAALIGN_BYTE
NVIC.NonMaskableInt_IRQn=true\:0\:0\:false\:false\:true\:false\:false
I2S1.FullDuplexMode=I2S_FULLDUPLEXMODE_DISABLE
PC10.GPIOParameters=GPIO_Label
ADC1.DMAContinuousRequests=ENABLE
Dma.TIM1_CH2.5.Instance=DMA2_Stream2
VP_TIM12_VS_OPM.Mode=OPM_bit
PA13.Mode=Serial_Wire
ProjectManager.FreePins=true
PC9.GPIOParameters=GPIO_PuPdOD
TIM1.Channel-PWM\ Generation4\ No\ Output=TIM_CHANNEL_4
RCC.PLLI2SQCLKFreq_Value=43227272.72727273
TIM1.OCFastMode_PWM-PWM\ Generation2\ No\ Output=TIM_OCFAST_ENABLE
Mcu.Pin26=PC9
NVIC.TIM1_BRK_TIM9_IRQn=true\:15\:0\:true\:false\:true\:true\:true
Mcu.Pin27=PA8
VP_TIM12_VS_OPM.Signal=TIM12_VS_OPM
NVIC.DMA2_Stream4_IRQn=true\:12\:0\:true\:false\:true\:false\:true
Mcu.Pin24=PC7
ProjectManager.UnderRoot=true
Mcu.Pin25=PC8
ADC1.ExternalTrigConv=ADC_EXTERNALTRIGCONV_T3_TRGO
Mcu.Pin28=PA9
PC8.Mode=SD_1_bit
Mcu.Pin29=PA10
PC12.GPIO_Speed_High_Default=GPIO_SPEED_FREQ_HIGH
PB4.Locked=true
PC8.GPIO_PuPd=GPIO_NOPULL
PC8.GPIO_Speed_High_Default=GPIO_SPEED_FREQ_HIGH
PA4.Signal=I2S1_WS
Mcu.Pin22=PB14
PB5.Signal=GPIO_Output
Mcu.Pin23=PB15
Mcu.Pin20=PB12
ADC1.master=1
PA3.Locked=true
Mcu.Pin21=PB13
PA10.Locked=true
NVIC.ForceEnableDMAVector=true
Dma.TIM1_CH2.5.FIFOThreshold=DMA_FIFO_THRESHOLD_FULL
TIM1.OCFastMode_PWM-PWM\ Generation1\ No\ Output=TIM_OCFAST_ENABLE
PB5.GPIO_PuPd=GPIO_PULLDOWN
VP_TIM5_VS_ControllerModeClock.Mode=Clock Mode
NVIC.MemoryManagement_IRQn=true\:0\:0\:false\:false\:true\:false\:false
ProjectManager.CompilerOptimize=6
PA11.Signal=USB_OTG_FS_DM
ProjectManager.HeapSize=0x10000
Mcu.Pin15=PA7
NVIC.HardFault_IRQn=true\:0\:0\:false\:false\:true\:false\:false
Mcu.Pin16=PB0
Dma.I2C3_RX.3.RequestParameters=Instance,Direction,PeriphInc,MemInc,PeriphDataAlignment,MemDataAlignment,Mode,Priority,FIFOMode
Mcu.Pin13=PA5
Mcu.Pin14=PA6
Mcu.Pin19=PB10
Dma.I2C3_RX.3.MemInc=DMA_MINC_ENABLE
NVIC.TIM1_UP_TIM10_IRQn=true\:13\:0\:true\:false\:true\:true\:true
ProjectManager.ComputerToolchain=false
Mcu.Pin17=PB1
Mcu.Pin18=PB2
Dma.TIM1_CH3.6.Mode=DMA_CIRCULAR
VP_TIM4_VS_ClockSourceINT.Mode=Internal
NVIC.PriorityGroup=NVIC_PRIORITYGROUP_4
STMicroelectronics.X-CUBE-AI.5.1.2.WorkingBufferStartAddrList=0xFFFFFFFF
Mcu.Pin11=PA3
Mcu.Pin12=PA4
SDIO.HardwareFlowControl=SDIO_HARDWARE_FLOW_CONTROL_ENABLE
Mcu.Pin10=PA2
SH.GPXTI10.ConfNb=1
RCC.PWRFreq_Value=120000000
PA8.Mode=I2C
Dma.TIM1_CH4/TRIG/COM.7.FIFOThreshold=DMA_FIFO_THRESHOLD_FULL
PC3.GPIO_ModeDefaultOutputPP=GPIO_MODE_OUTPUT_PP
PB1.GPIO_ModeDefaultOutputPP=GPIO_MODE_OUTPUT_PP
SH.GPXTI1.ConfNb=1
PD2.Signal=SDIO_CMD
PB6.GPIO_Speed=GPIO_SPEED_FREQ_MEDIUM
PB12.GPIO_PuPd=GPIO_PULLDOWN
Dma.TIM1_CH1.4.PeriphInc=DMA_PINC_DISABLE
PB0.Signal=GPIO_Output
PA7.GPIOParameters=GPIO_Speed,GPIO_PuPd
PC0.Locked=true
TIM12.IPParameters=Period
PC1.Signal=GPIO_Output
PB12.GPIOParameters=GPIO_Speed,GPIO_PuPd,GPIO_ModeDefaultOutputPP
I2S1.CPOL=I2S_CPOL_LOW
Mcu.Family=STM32F4
ADC1.ITMode=ENABLE
SH.GPXTI1.0=GPIO_EXTI1
ProjectManager.MainLocation=Src
VP_TIM10_VS_ClockSourceINT.Signal=TIM10_VS_ClockSourceINT
VP_STMicroelectronics.X-CUBE-AI_VS_ArtificialOoIntelligenceJjXAaCUBEAaAI_5.1.2.Mode=ArtificialOoIntelligenceJjXAaCUBEAaAI
RCC.CortexFreq_Value=120000000
ProjectManager.KeepUserCode=true
Mcu.UserName=STM32F412RETx
PB10.GPIO_Speed=GPIO_SPEED_FREQ_MEDIUM
Dma.I2C3_TX.2.MemDataAlignment=DMA_MDATAALIGN_BYTE
ADC1.ContinuousConvMode=DISABLE
Dma.TIM1_CH1.4.RequestParameters=Instance,Direction,PeriphInc,MemInc,PeriphDataAlignment,MemDataAlignment,Mode,Priority,FIFOMode,FIFOThreshold,MemBurst,PeriphBurst
PC10.Locked=true
PC10.Signal=GPIO_Output
PB2.GPIO_Speed=GPIO_SPEED_FREQ_MEDIUM
ProjectManager.functionlistsort=1-MX_GPIO_Init-GPIO-false-HAL-true,2-MX_DMA_Init-DMA-false-HAL-true,3-SystemClock_Config-RCC-false-HAL-false,4-MX_ADC1_Init-ADC1-false-HAL-true,5-MX_I2C3_Init-I2C3-false-HAL-true,6-MX_I2S1_Init-I2S1-false-HAL-true,7-MX_RTC_Init-RTC-false-HAL-true,8-MX_TIM1_Init-TIM1-false-HAL-true,9-MX_SDIO_SD_Init-SDIO-true-HAL-false,10-MX_FATFS_Init-FATFS-true-HAL-false,11-MX_TIM5_Init-TIM5-true-HAL-false,12-MX_TIM3_Init-TIM3-false-HAL-true,13-MX_CRC_Init-CRC-false-HAL-true,14-MX_TIM4_Init-TIM4-true-HAL-true,15-MX_TIM10_Init-TIM10-false-HAL-true,16-MX_TIM11_Init-TIM11-false-HAL-true,17-MX_TIM12_Init-TIM12-false-HAL-true,18-MX_USB_OTG_FS_PCD_Init-USB_OTG_FS-true-HAL-true
PC0.GPIOParameters=GPIO_Speed,GPIO_PuPd,GPIO_ModeDefaultOutputPP
PA9.GPIOParameters=GPIO_Label,GPIO_ModeDefaultEXTI
Dma.SPI1_TX.1.PeriphInc=DMA_PINC_DISABLE
Dma.TIM1_CH3.6.MemInc=DMA_MINC_ENABLE
NVIC.EXTI3_IRQn=true\:15\:0\:true\:false\:true\:true\:true
Dma.TIM1_CH3.6.Instance=DMA2_Stream6
PA11.Mode=Device_Only
Dma.ADC1.0.FIFOThreshold=DMA_FIFO_THRESHOLD_FULL
RCC.PLLI2SRCLKFreq_Value=49402597.402597405
STMicroelectronics.X-CUBE-AI.5.1.2.MaximumSizeOfInputLayer=AI_VOICECOMMANDSNN_IN_1_SIZE_BYTES
PC2.GPIO_Speed=GPIO_SPEED_FREQ_MEDIUM
PC1.Locked=true
NVIC.DMA1_Stream4_IRQn=true\:14\:0\:true\:false\:true\:false\:true
PB15.Signal=GPIO_Output
Dma.TIM1_CH4/TRIG/COM.7.MemBurst=DMA_MBURST_INC16
Dma.TIM1_UP.8.FIFOMode=DMA_FIFOMODE_ENABLE
ProjectManager.StackSize=0x4000
PB5.GPIOParameters=GPIO_Speed,GPIO_PuPd,GPIO_ModeDefaultOutputPP
SH.GPXTI2.0=GPIO_EXTI2
Mcu.IP4=I2C3
TIM1.OC1Preload_PWM=ENABLE
Mcu.IP5=I2S1
RCC.FCLKCortexFreq_Value=120000000
Mcu.IP2=DMA
NVIC.ADC_IRQn=true\:9\:0\:true\:false\:true\:true\:true
Mcu.IP3=FATFS
PA15.GPIO_Label=USB_Select
PC11.GPIO_PuPd=GPIO_PULLUP
PB4.GPIOParameters=GPIO_Speed,GPIO_PuPd,GPIO_ModeDefaultOutputPP
Mcu.IP0=ADC1
PB10.GPIO_ModeDefaultOutputPP=GPIO_MODE_OUTPUT_PP
Mcu.IP1=CRC
Dma.TIM1_UP.8.MemInc=DMA_MINC_ENABLE
PA12.Signal=USB_OTG_FS_DP
Dma.TIM1_UP.8.Priority=DMA_PRIORITY_VERY_HIGH
TIM1.Prescaler=0
Mcu.UserConstants=
PH0\ -\ OSC_IN.Signal=RCC_OSC_IN
PC1.GPIOParameters=GPIO_Speed,GPIO_PuPd,GPIO_ModeDefaultOutputPP
RCC.RCC_RTC_Clock_Source=RCC_RTCCLKSOURCE_LSE
Mcu.ThirdPartyNb=1
RCC.SDIOFreq_Value=48000000
PB1.GPIO_PuPd=GPIO_PULLDOWN
RCC.HCLKFreq_Value=120000000
RCC.FLatency=FLASH_LATENCY_4
Mcu.IPNb=19
ProjectManager.PreviousToolchain=STM32CubeIDE
TIM3.Period=1
Dma.TIM1_CH1.4.MemBurst=DMA_MBURST_INC8
Dma.TIM1_CH2.5.Direction=DMA_MEMORY_TO_PERIPH
Dma.TIM1_UP.8.MemDataAlignment=DMA_MDATAALIGN_HALFWORD
PB13.GPIO_ModeDefaultOutputPP=GPIO_MODE_OUTPUT_PP
VP_STMicroelectronics.X-CUBE-AI_VS_ArtificialOoIntelligenceJjXAaCUBEAaAI_5.1.2.Signal=STMicroelectronics.X-CUBE-AI_VS_ArtificialOoIntelligenceJjXAaCUBEAaAI_5.1.2
RCC.PLLRoutputFreq_Value=48000000
PA8.GPIOParameters=GPIO_PuPdOD
Mcu.Pin6=PC2
Mcu.Pin7=PC3
NVIC.DMA2_Stream0_IRQn=true\:13\:0\:true\:false\:true\:false\:true
Mcu.Pin8=PA0
Mcu.Pin9=PA1
RCC.AHBFreq_Value=120000000
Dma.TIM1_CH1.4.MemInc=DMA_MINC_ENABLE
Dma.TIM1_CH4/TRIG/COM.7.PeriphInc=DMA_PINC_DISABLE
Mcu.Pin0=PC14-OSC32_IN
TIM11.IPParameters=Period
Mcu.Pin1=PC15-OSC32_OUT
GPIO.groupedBy=Group By Peripherals
Mcu.Pin2=PH0 - OSC_IN
Mcu.Pin3=PH1 - OSC_OUT
Mcu.Pin4=PC0
Mcu.Pin5=PC1
VP_TIM5_VS_ClockSourceITR.Signal=TIM5_VS_ClockSourceITR
ADC1.Channel-0\#ChannelRegularConversion=ADC_CHANNEL_0
I2C3.IPParameters=I2C_Mode,DutyCycle
RCC.HSE_VALUE=12000000
NVIC.DebugMonitor_IRQn=true\:0\:0\:false\:false\:true\:false\:false
PA4.GPIO_PuPd=GPIO_PULLDOWN
Mcu.IP10=SYS
NVIC.SysTick_IRQn=true\:4\:0\:true\:false\:true\:false\:true
Mcu.IP12=TIM3
Dma.ADC1.0.PeriphBurst=DMA_PBURST_SINGLE
Mcu.IP11=TIM1
PA4.GPIO_Speed=GPIO_SPEED_FREQ_LOW
Mcu.IP18=USB_OTG_FS
NVIC.I2C3_EV_IRQn=true\:12\:0\:true\:false\:true\:true\:true
TIM1.Channel-PWM\ Generation3\ No\ Output=TIM_CHANNEL_3
Mcu.IP17=TIM12
Dma.TIM1_CH3.6.Priority=DMA_PRIORITY_HIGH
Mcu.ThirdParty0=STMicroelectronics.X-CUBE-AI.5.1.2
PA6.GPIO_PuPd=GPIO_PULLUP
PB3.GPIO_PuPd=GPIO_PULLDOWN
Dma.I2C3_RX.3.Direction=DMA_PERIPH_TO_MEMORY
Mcu.IP14=TIM5
STMicroelectronics.X-CUBE-AI.5.1.2.ModelFlashOccupation-7eaf034a37b35a45d6d7cf12b8d3d31f6f34ced2ad5d0e77518c34e53d65cea4=45420
Mcu.IP13=TIM4
Mcu.IP16=TIM11
VP_TIM1_VS_no_output1.Signal=TIM1_VS_no_output1
Dma.TIM1_CH3.6.FIFOThreshold=DMA_FIFO_THRESHOLD_FULL
Mcu.IP15=TIM10
PC14-OSC32_IN.Mode=LSE-External-Oscillator
RCC.VCOInputFreq_Value=1500000
TIM1.OCFastMode_PWM-PWM\ Generation3\ No\ Output=TIM_OCFAST_ENABLE
PA14.Mode=Serial_Wire
TIM3.Prescaler=1874
PC11.GPIO_Label=SDIO_CD
Dma.TIM1_CH2.5.PeriphInc=DMA_PINC_DISABLE
File.Version=6
PA10.GPIO_Label=MUSB_ID
PB3.GPIOParameters=GPIO_Speed,GPIO_PuPd,GPIO_ModeDefaultOutputPP
PB7.Signal=GPIO_Output
PB8.Locked=true
STMicroelectronics.X-CUBE-AI.5.1.2.ModelStructureFile-7eaf034a37b35a45d6d7cf12b8d3d31f6f34ced2ad5d0e77518c34e53d65cea4=D\:\\Projects\\NN_Ledokol\\model.h5
SH.ADCx_IN0.0=ADC1_IN0,IN0
VP_TIM12_VS_ClockSourceINT.Mode=Internal
VP_TIM11_VS_OPM.Mode=OPM_bit
Dma.SPI1_TX.1.MemBurst=DMA_MBURST_INC8
Dma.RequestsNb=9
PB6.GPIOParameters=GPIO_Speed,GPIO_PuPd,GPIO_ModeDefaultOutputPP
PB0.Locked=true
Dma.TIM1_CH3.6.PeriphBurst=DMA_PBURST_SINGLE
ProjectManager.ProjectName=LCube
Dma.I2C3_TX.2.PeriphDataAlignment=DMA_PDATAALIGN_BYTE
PA6.Signal=GPIO_Output
PB15.GPIO_PuPd=GPIO_PULLDOWN
NVIC.OTG_FS_IRQn=true\:7\:0\:true\:false\:true\:true\:true
STMicroelectronics.X-CUBE-AI.5.1.2_SwParameter=XAaCUBEAaAICcArtificialOoIntelligenceJjCore\:true;
ProjectManager.ToolChainLocation=
PA2.GPIO_Label=Button1
Dma.TIM1_CH2.5.Mode=DMA_CIRCULAR
USB_OTG_FS.VirtualMode=Device_Only
PA15.Signal=GPIO_Output
PB8.GPIO_ModeDefaultOutputPP=GPIO_MODE_OUTPUT_PP
Dma.TIM1_UP.8.Instance=DMA2_Stream5
Dma.TIM1_UP.8.RequestParameters=Instance,Direction,PeriphInc,MemInc,PeriphDataAlignment,MemDataAlignment,Mode,Priority,FIFOMode,FIFOThreshold,MemBurst,PeriphBurst
PB9.GPIO_Speed=GPIO_SPEED_FREQ_MEDIUM
TIM1.BreakState=TIM_BREAK_DISABLE
Dma.ADC1.0.MemBurst=DMA_MBURST_INC8
PC2.GPIO_ModeDefaultOutputPP=GPIO_MODE_OUTPUT_PP
Dma.Request2=I2C3_TX
Dma.Request1=SPI1_TX
Dma.Request4=TIM1_CH1
Dma.Request3=I2C3_RX
Dma.Request6=TIM1_CH3
Dma.Request5=TIM1_CH2
Dma.Request8=TIM1_UP
Dma.Request7=TIM1_CH4/TRIG/COM
PC0.GPIO_PuPd=GPIO_PULLDOWN
Dma.Request0=ADC1
TIM10.IPParameters=Period
PA1.GPIO_ModeDefaultEXTI=GPIO_MODE_IT_RISING_FALLING
VP_TIM3_VS_ClockSourceINT.Mode=Internal
STMicroelectronics.X-CUBE-AI.5.1.2.ModelHashList=7eaf034a37b35a45d6d7cf12b8d3d31f6f34ced2ad5d0e77518c34e53d65cea4
PB15.Locked=true
PB3.Locked=true
PB4.Signal=GPIO_Output
PB4.GPIO_ModeDefaultOutputPP=GPIO_MODE_OUTPUT_PP
PA3.Signal=GPXTI3
Dma.I2C3_TX.2.Mode=DMA_NORMAL
PB7.GPIO_Speed=GPIO_SPEED_FREQ_MEDIUM
PA2.Locked=true
VP_RTC_VS_RTC_Activate.Signal=RTC_VS_RTC_Activate
STMicroelectronics.X-CUBE-AI.5.1.2.MaximumSizeOfOutputLayer=AI_VOICECOMMANDSNN_OUT_1_SIZE_BYTES
PC15-OSC32_OUT.Mode=LSE-External-Oscillator
Dma.I2C3_RX.3.FIFOMode=DMA_FIFOMODE_DISABLE
Dma.TIM1_CH2.5.Priority=DMA_PRIORITY_HIGH
I2C3.I2C_Mode=I2C_Fast
Dma.SPI1_TX.1.MemInc=DMA_MINC_ENABLE
TIM1.OCMode_PWM-PWM\ Generation4\ No\ Output=TIM_OCMODE_PWM1
STMicroelectronics.X-CUBE-AI.5.1.2.LatestDirectoryUsed-7eaf034a37b35a45d6d7cf12b8d3d31f6f34ced2ad5d0e77518c34e53d65cea4=D\:\\Projects\\NN_Ledokol
STMicroelectronics.X-CUBE-AI.5.1.2.IPParameters=HeapSize,StackSize,ModelName-7eaf034a37b35a45d6d7cf12b8d3d31f6f34ced2ad5d0e77518c34e53d65cea4,ModelType-7eaf034a37b35a45d6d7cf12b8d3d31f6f34ced2ad5d0e77518c34e53d65cea4,ModelKind-7eaf034a37b35a45d6d7cf12b8d3d31f6f34ced2ad5d0e77518c34e53d65cea4,ModelHashList,ModelNameList,WorkingBufferStartAddrList,LatestDirectoryUsed-7eaf034a37b35a45d6d7cf12b8d3d31f6f34ced2ad5d0e77518c34e53d65cea4,ModelFlashOccupation-7eaf034a37b35a45d6d7cf12b8d3d31f6f34ced2ad5d0e77518c34e53d65cea4,ModelRamOccupation-7eaf034a37b35a45d6d7cf12b8d3d31f6f34ced2ad5d0e77518c34e53d65cea4,ModelMacc-7eaf034a37b35a45d6d7cf12b8d3d31f6f34ced2ad5d0e77518c34e53d65cea4,ModelActualCompression-7eaf034a37b35a45d6d7cf12b8d3d31f6f34ced2ad5d0e77518c34e53d65cea4,ModelCompression-7eaf034a37b35a45d6d7cf12b8d3d31f6f34ced2ad5d0e77518c34e53d65cea4,InternalRamActivationBufferMaxSize,ActivationBufferSizeList,MaximumNumberOfInputLayer,MaximumNumberOfOutputLayer,MaximumSizeOfInputLayer,MaximumSizeOfOutputLayer,ModelStructureFile-7eaf034a37b35a45d6d7cf12b8d3d31f6f34ced2ad5d0e77518c34e53d65cea4,XAaCUBEAaAICcArtificialOoIntelligenceJjCore
PB8.GPIOParameters=GPIO_Speed,GPIO_PuPd,GPIO_ModeDefaultOutputPP
PA7.Mode=Half_Duplex_Master
PC10.GPIO_Label=SDCard_Pow
Dma.TIM1_CH2.5.RequestParameters=Instance,Direction,PeriphInc,MemInc,PeriphDataAlignment,MemDataAlignment,Mode,Priority,FIFOMode,FIFOThreshold,MemBurst,PeriphBurst
ProjectManager.NoMain=false
STMicroelectronics.X-CUBE-AI.5.1.2.ModelRamOccupation-7eaf034a37b35a45d6d7cf12b8d3d31f6f34ced2ad5d0e77518c34e53d65cea4=21352
Dma.TIM1_CH1.4.FIFOThreshold=DMA_FIFO_THRESHOLD_FULL
PC11.Signal=GPXTI11
Dma.TIM1_CH1.4.Instance=DMA2_Stream1
RCC.FMPI2C1Freq_Value=60000000
RCC.RCC_TIM_PRescaler_Selection=RCC_TIMPRES_DESACTIVATED
RCC.VCOI2SInputFreq_Value=1090909.0909090908
PC8.Signal=SDIO_D0
TIM1.Pulse-PWM\ Generation1\ No\ Output=5980
ProjectManager.DefaultFWLocation=true
Dma.TIM1_UP.8.Mode=DMA_CIRCULAR
I2S1.AudioFreq=AudioFreqCustomValue
NVIC.DMA1_Stream1_IRQn=true\:14\:0\:false\:false\:true\:false\:true
PB12.Locked=true
ProjectManager.DeletePrevious=true
PB10.Locked=true
Dma.SPI1_TX.1.Direction=DMA_MEMORY_TO_PERIPH
RCC.FamilyName=M
TIM5.ClockDivision=TIM_CLOCKDIVISION_DIV1
VP_TIM11_VS_ClockSourceINT.Mode=Enable_Timer
TIM1.ClockDivision=TIM_CLOCKDIVISION_DIV1
TIM1.Channel-PWM\ Generation1\ No\ Output=TIM_CHANNEL_1
TIM1.Pulse-PWM\ Generation2\ No\ Output=5980
PB9.GPIOParameters=GPIO_Speed,GPIO_PuPd,GPIO_ModeDefaultOutputPP
PB0.GPIO_Speed=GPIO_SPEED_FREQ_MEDIUM
SDIO.ClockBypass=SDIO_CLOCK_BYPASS_DISABLE
PC12.GPIOParameters=GPIO_PuPd,GPIO_Speed_High_Default
FATFS.IPParameters=_USE_LFN,_CODE_PAGE,_FS_EXFAT,_MAX_SS,_MIN_SS,_USE_MKFS,_FS_TIMEOUT,_USE_EXPAND,_USE_TRIM,_FS_NORTC,USE_DMA_CODE_SD
PA13.Signal=SYS_JTMS-SWDIO
Dma.ADC1.0.PeriphDataAlignment=DMA_PDATAALIGN_HALFWORD
STMicroelectronics.X-CUBE-AI.5.1.2.ModelMacc-7eaf034a37b35a45d6d7cf12b8d3d31f6f34ced2ad5d0e77518c34e53d65cea4=406205
PH0\ -\ OSC_IN.Mode=HSE-External-Oscillator
PC0.GPIO_Speed=GPIO_SPEED_FREQ_MEDIUM
VP_TIM1_VS_ClockSourceITR.Signal=TIM1_VS_ClockSourceITR
Dma.I2C3_RX.3.PeriphInc=DMA_PINC_DISABLE
VP_TIM4_VS_ClockSourceINT.Signal=TIM4_VS_ClockSourceINT
ProjectManager.TargetToolchain=STM32CubeIDE
ADC1.HighThreshold=0xFCF
TIM1.OCMode_PWM-PWM\ Generation3\ No\ Output=TIM_OCMODE_PWM1
Dma.ADC1.0.Mode=DMA_CIRCULAR
FATFS._CODE_PAGE=866
NVIC.TIM8_BRK_TIM12_IRQn=true\:15\:0\:true\:false\:true\:true\:true
PB7.GPIOParameters=GPIO_Speed,GPIO_PuPd,GPIO_ModeDefaultOutputPP
Dma.TIM1_CH3.6.MemDataAlignment=DMA_MDATAALIGN_HALFWORD
PB2.GPIOParameters=GPIO_Speed,GPIO_PuPd,GPIO_ModeDefaultOutputPP
I2S1.VirtualMode=I2S_MODE_MASTER
Dma.TIM1_UP.8.Direction=DMA_MEMORY_TO_PERIPH
RCC.I2S1Freq_Value=49402597.402597405
Dma.I2C3_RX.3.Instance=DMA1_Stream1
PC2.Locked=true
ProjectManager.RegisterCallBack=
RCC.USBFreq_Value=48000000
VP_TIM3_VS_ClockSourceINT.Signal=TIM3_VS_ClockSourceINT
NVIC.DMA2_Stream3_IRQn=true\:6\:0\:true\:false\:true\:false\:true
PC15-OSC32_OUT.Signal=RCC_OSC32_OUT
PB14.GPIO_ModeDefaultOutputPP=GPIO_MODE_OUTPUT_PP
PA7.GPIO_PuPd=GPIO_PULLUP
PA1.Signal=GPXTI1
PB12.GPIO_Speed=GPIO_SPEED_FREQ_MEDIUM
PB1.Locked=true
RCC.VCOI2SOutputFreq_Value=345818181.8181818
PD2.Mode=SD_1_bit
Dma.SPI1_TX.1.FIFOThreshold=DMA_FIFO_THRESHOLD_FULL
Dma.TIM1_CH1.4.PeriphBurst=DMA_PBURST_SINGLE
Dma.TIM1_UP.8.PeriphInc=DMA_PINC_DISABLE
board=custom
PC7.GPIO_Speed=GPIO_SPEED_FREQ_MEDIUM
SH.GPXTI3.0=GPIO_EXTI3
RCC.VCOOutputFreq_Value=240000000
TIM11.Period=1
VP_TIM1_VS_no_output4.Mode=PWM Generation4 No Output
ADC1.EnableAnalogWatchDog=true
Dma.TIM1_CH4/TRIG/COM.7.MemInc=DMA_MINC_ENABLE
TIM1.Pulse-PWM\ Generation4\ No\ Output=700
FATFS._FS_NORTC=1
Dma.ADC1.0.RequestParameters=Instance,Direction,PeriphInc,MemInc,PeriphDataAlignment,MemDataAlignment,Mode,Priority,FIFOMode,FIFOThreshold,MemBurst,PeriphBurst
FATFS.USE_DMA_CODE_SD=0
TIM10.Period=1
PB4.GPIO_Speed=GPIO_SPEED_FREQ_MEDIUM
RCC.APB2Freq_Value=60000000
FATFS._FS_EXFAT=1
VP_TIM1_VS_no_output2.Signal=TIM1_VS_no_output2
Dma.I2C3_TX.2.MemInc=DMA_MINC_ENABLE
MxCube.Version=6.1.1
TIM1.OCMode_PWM-PWM\ Generation1\ No\ Output=TIM_OCMODE_PWM1
PB7.GPIO_ModeDefaultOutputPP=GPIO_MODE_OUTPUT_PP
PB15.GPIO_Speed=GPIO_SPEED_FREQ_MEDIUM
NVIC.DMA2_Stream5_IRQn=true\:11\:0\:true\:false\:true\:false\:true
PA10.GPIOParameters=GPIO_Label,GPIO_ModeDefaultEXTI
VP_SYS_VS_Systick.Mode=SysTick
Dma.TIM1_CH3.6.FIFOMode=DMA_FIFOMODE_ENABLE
STMicroelectronics.X-CUBE-AI.5.1.2.ModelCompression-7eaf034a37b35a45d6d7cf12b8d3d31f6f34ced2ad5d0e77518c34e53d65cea4=1
PA4.GPIOParameters=GPIO_Speed,GPIO_PuPd
STMicroelectronics.X-CUBE-AI.5.1.2.XAaCUBEAaAICcArtificialOoIntelligenceJjCore=true
PC2.GPIO_PuPd=GPIO_PULLDOWN
VP_TIM1_VS_no_output2.Mode=PWM Generation2 No Output
PB15.GPIOParameters=GPIO_Speed,GPIO_PuPd,GPIO_ModeDefaultOutputPP
ADC1.NbrOfConversion=1
RCC.IPParameters=AHBFreq_Value,APB1CLKDivider,APB1Freq_Value,APB1TimFreq_Value,APB2CLKDivider,APB2Freq_Value,APB2TimFreq_Value,CortexFreq_Value,DFSDMAudioFreq_Value,DFSDMFreq_Value,FCLKCortexFreq_Value,FLatency,FMPI2C1Freq_Value,FamilyName,HCLKFreq_Value,HSE_VALUE,I2S1Freq_Value,I2S2Freq_Value,MCO2PinFreq_Value,PLLCLKFreq_Value,PLLI2SM,PLLI2SN,PLLI2SP,PLLI2SPCLKFreq_Value,PLLI2SQ,PLLI2SQCLKFreq_Value,PLLI2SQoutputFreq_Value,PLLI2SR,PLLI2SRCLKFreq_Value,PLLI2SoutputFreq_Value,PLLM,PLLN,PLLQ,PLLQCLKFreq_Value,PLLQoutputFreq_Value,PLLR,PLLRCLKFreq_Value,PLLRoutputFreq_Value,PWRFreq_Value,RCC_RTC_Clock_Source,RCC_RTC_Clock_SourceVirtual,RCC_TIM_PRescaler_Selection,RNGFreq_Value,RTCFreq_Value,SDIOFreq_Value,SYSCLKFreq_VALUE,SYSCLKSource,USBFreq_Value,VCOI2SInputFreq_Value,VCOI2SOutputFreq_Value,VCOInputFreq_Value,VCOOutputFreq_Value
ProjectManager.AskForMigrate=true
Mcu.Name=STM32F412R(E-G)Tx
STMicroelectronics.X-CUBE-AI.5.1.2.HeapSize=0x10000
PA2.Signal=GPXTI2
STMicroelectronics.X-CUBE-AI.5.1.2.ModelName-7eaf034a37b35a45d6d7cf12b8d3d31f6f34ced2ad5d0e77518c34e53d65cea4=voicecommandsnn
PB2.Locked=true
FATFS._MAX_SS=4096
Mcu.IP8=RTC
VP_TIM10_VS_OPM.Mode=OPM_bit
Dma.TIM1_CH3.6.PeriphDataAlignment=DMA_PDATAALIGN_HALFWORD
Mcu.IP9=SDIO
Mcu.IP6=NVIC
Mcu.IP7=RCC
ProjectManager.CoupleFile=true
Dma.TIM1_CH4/TRIG/COM.7.PeriphDataAlignment=DMA_PDATAALIGN_BYTE
PB3.Signal=GPIO_Output
RCC.SYSCLKFreq_VALUE=120000000
PA1.Locked=true
PA12.Mode=Device_Only
KeepUserPlacement=false
I2S1.AudioFreqCustom=44100
TIM5.Prescaler=29999
STMicroelectronics.X-CUBE-AI.5.1.2.ArtificialOoIntelligenceJjXAaCUBEAaAI_Checked=true
Dma.TIM1_CH3.6.Direction=DMA_MEMORY_TO_PERIPH
SH.GPXTI9.ConfNb=1
NVIC.EXTI9_5_IRQn=true\:15\:0\:true\:false\:true\:true\:true
PA14.Signal=SYS_JTCK-SWCLK
Dma.ADC1.0.MemInc=DMA_MINC_ENABLE
FATFS._USE_TRIM=0
PA2.GPIO_ModeDefaultEXTI=GPIO_MODE_IT_RISING_FALLING
Dma.I2C3_RX.3.MemDataAlignment=DMA_MDATAALIGN_BYTE
PA5.GPIO_Speed=GPIO_SPEED_FREQ_LOW
RCC.PLLQ=5
PC1.GPIO_ModeDefaultOutputPP=GPIO_MODE_OUTPUT_PP
RCC.PLLR=5
ADC1.NbrOfConversionFlag=1
RCC.PLLM=8
RCC.PLLN=160
PA9.GPIO_ModeDefaultEXTI=GPIO_MODE_IT_RISING_FALLING
Dma.I2C3_TX.2.Direction=DMA_MEMORY_TO_PERIPH
PB7.Locked=true
PB8.Signal=GPIO_Output
TIM1.Pulse-PWM\ Generation3\ No\ Output=500
Dma.TIM1_CH2.5.MemBurst=DMA_MBURST_INC8
TIM5.Period=0xffffffff
PC9.Signal=I2C3_SDA
I2S1.RealAudioFreq=44.109 KHz
TIM3.TIM_MasterOutputTrigger=TIM_TRGO_UPDATE
PD2.GPIO_Speed_High_Default=GPIO_SPEED_FREQ_HIGH
ADC1.DataAlign=ADC_DATAALIGN_LEFT
RCC.APB1Freq_Value=60000000
PB8.GPIO_Speed=GPIO_SPEED_FREQ_MEDIUM
VP_CRC_VS_CRC.Mode=CRC_Activate
RCC.PLLI2SR=7
RCC.PLLI2SN=317
ProjectManager.DeviceId=STM32F412RETx
Dma.TIM1_CH4/TRIG/COM.7.MemDataAlignment=DMA_MDATAALIGN_BYTE
RCC.PLLI2SP=RCC_PLLI2SP_DIV8
PB12.Signal=GPIO_Output
RCC.PLLI2SQ=8
ProjectManager.LibraryCopy=1
PB0.GPIO_PuPd=GPIO_PULLDOWN
TIM1.TIM_MasterSlaveMode=TIM_MASTERSLAVEMODE_DISABLE
PC3.GPIO_PuPd=GPIO_PULLDOWN
PB3.GPIO_ModeDefaultOutputPP=GPIO_MODE_OUTPUT_PP
PA3.GPIO_Label=Button0
RCC.PLLI2SM=11
PB1.GPIOParameters=GPIO_Speed,GPIO_PuPd,GPIO_ModeDefaultOutputPP
TIM1.OCMode_PWM-PWM\ Generation2\ No\ Output=TIM_OCMODE_PWM1
PA7.Signal=I2S1_SD
Dma.TIM1_CH4/TRIG/COM.7.PeriphBurst=DMA_PBURST_SINGLE
PA6.Locked=true
Dma.TIM1_CH1.4.Mode=DMA_CIRCULAR
