#MicroXplorer Configuration settings - do not modify
ADC1.Channel-0\#ChannelRegularConversion=ADC_CHANNEL_0
ADC1.ContinuousConvMode=DISABLE
ADC1.DMAContinuousRequests=ENABLE
ADC1.DataAlign=ADC_DATAALIGN_LEFT
ADC1.EOCSelection=ADC_EOC_SEQ_CONV
ADC1.EnableAnalogWatchDog=true
ADC1.ExternalTrigConv=ADC_EXTERNALTRIGCONV_T3_TRGO
ADC1.HighThreshold=0xFCF
ADC1.IPParameters=Rank-0\#ChannelRegularConversion,master,Channel-0\#ChannelRegularConversion,SamplingTime-0\#ChannelRegularConversion,NbrOfConversionFlag,ExternalTrigConv,ContinuousConvMode,DMAContinuousRequests,EOCSelection,NbrOfConversion,InjNumberOfConversion,EnableAnalogWatchDog,WatchdogMode,ITMode,LowThreshold,HighThreshold,DataAlign
ADC1.ITMode=ENABLE
ADC1.InjNumberOfConversion=0
ADC1.LowThreshold=0x30
ADC1.NbrOfConversion=1
ADC1.NbrOfConversionFlag=1
ADC1.Rank-0\#ChannelRegularConversion=1
ADC1.SamplingTime-0\#ChannelRegularConversion=ADC_SAMPLETIME_480CYCLES
ADC1.WatchdogMode=ADC_ANALOGWATCHDOG_SINGLE_REG
ADC1.master=1
Dma.ADC1.0.Direction=DMA_PERIPH_TO_MEMORY
Dma.ADC1.0.FIFOMode=DMA_FIFOMODE_ENABLE
Dma.ADC1.0.FIFOThreshold=DMA_FIFO_THRESHOLD_FULL
Dma.ADC1.0.Instance=DMA2_Stream0
Dma.ADC1.0.MemBurst=DMA_MBURST_INC8
Dma.ADC1.0.MemDataAlignment=DMA_MDATAALIGN_HALFWORD
Dma.ADC1.0.MemInc=DMA_MINC_ENABLE
Dma.ADC1.0.Mode=DMA_CIRCULAR
Dma.ADC1.0.PeriphBurst=DMA_PBURST_SINGLE
Dma.ADC1.0.PeriphDataAlignment=DMA_PDATAALIGN_HALFWORD
Dma.ADC1.0.PeriphInc=DMA_PINC_DISABLE
Dma.ADC1.0.Priority=DMA_PRIORITY_LOW
Dma.ADC1.0.RequestParameters=Instance,Direction,PeriphInc,MemInc,PeriphDataAlignment,MemDataAlignment,Mode,Priority,FIFOMode,FIFOThreshold,MemBurst,PeriphBurst
Dma.I2C3_RX.3.Direction=DMA_PERIPH_TO_MEMORY
Dma.I2C3_RX.3.FIFOMode=DMA_FIFOMODE_DISABLE
Dma.I2C3_RX.3.Instance=DMA1_Stream1
Dma.I2C3_RX.3.MemDataAlignment=DMA_MDATAALIGN_BYTE
Dma.I2C3_RX.3.MemInc=DMA_MINC_ENABLE
Dma.I2C3_RX.3.Mode=DMA_NORMAL
Dma.I2C3_RX.3.PeriphDataAlignment=DMA_PDATAALIGN_BYTE
Dma.I2C3_RX.3.PeriphInc=DMA_PINC_DISABLE
Dma.I2C3_RX.3.Priority=DMA_PRIORITY_LOW
Dma.I2C3_RX.3.RequestParameters=Instance,Direction,PeriphInc,MemInc,PeriphDataAlignment,MemDataAlignment,Mode,Priority,FIFOMode
Dma.I2C3_TX.2.Direction=DMA_MEMORY_TO_PERIPH
Dma.I2C3_TX.2.FIFOMode=DMA_FIFOMODE_DISABLE
Dma.I2C3_TX.2.Instance=DMA1_Stream4
Dma.I2C3_TX.2.MemDataAlignment=DMA_MDATAALIGN_BYTE
Dma.I2C3_TX.2.MemInc=DMA_MINC_ENABLE
Dma.I2C3_TX.2.Mode=DMA_NORMAL
Dma.I2C3_TX.2.PeriphDataAlignment=DMA_PDATAALIGN_BYTE
Dma.I2C3_TX.2.PeriphInc=DMA_PINC_DISABLE
Dma.I2C3_TX.2.Priority=DMA_PRIORITY_VERY_HIGH
Dma.I2C3_TX.2.RequestParameters=Instance,Direction,PeriphInc,MemInc,PeriphDataAlignment,MemDataAlignment,Mode,Priority,FIFOMode
Dma.Request0=ADC1
Dma.Request1=SPI1_TX
Dma.Request2=I2C3_TX
Dma.Request3=I2C3_RX
Dma.Request4=TIM1_CH1
Dma.Request5=TIM1_CH2
Dma.Request6=TIM1_CH3
Dma.Request7=TIM1_CH4/TRIG/COM
Dma.Request8=TIM1_UP
Dma.RequestsNb=9
Dma.SPI1_TX.1.Direction=DMA_MEMORY_TO_PERIPH
Dma.SPI1_TX.1.FIFOMode=DMA_FIFOMODE_ENABLE
Dma.SPI1_TX.1.FIFOThreshold=DMA_FIFO_THRESHOLD_FULL
Dma.SPI1_TX.1.Instance=DMA2_Stream3
Dma.SPI1_TX.1.MemBurst=DMA_MBURST_INC8
Dma.SPI1_TX.1.MemDataAlignment=DMA_MDATAALIGN_HALFWORD
Dma.SPI1_TX.1.MemInc=DMA_MINC_ENABLE
Dma.SPI1_TX.1.Mode=DMA_CIRCULAR
Dma.SPI1_TX.1.PeriphBurst=DMA_PBURST_SINGLE
Dma.SPI1_TX.1.PeriphDataAlignment=DMA_PDATAALIGN_HALFWORD
Dma.SPI1_TX.1.PeriphInc=DMA_PINC_DISABLE
Dma.SPI1_TX.1.Priority=DMA_PRIORITY_MEDIUM
Dma.SPI1_TX.1.RequestParameters=Instance,Direction,PeriphInc,MemInc,PeriphDataAlignment,MemDataAlignment,Mode,Priority,FIFOMode,FIFOThreshold,MemBurst,PeriphBurst
Dma.TIM1_CH1.4.Direction=DMA_MEMORY_TO_PERIPH
Dma.TIM1_CH1.4.FIFOMode=DMA_FIFOMODE_ENABLE
Dma.TIM1_CH1.4.FIFOThreshold=DMA_FIFO_THRESHOLD_FULL
Dma.TIM1_CH1.4.Instance=DMA2_Stream1
Dma.TIM1_CH1.4.MemBurst=DMA_MBURST_INC8
Dma.TIM1_CH1.4.MemDataAlignment=DMA_MDATAALIGN_HALFWORD
Dma.TIM1_CH1.4.MemInc=DMA_MINC_ENABLE
Dma.TIM1_CH1.4.Mode=DMA_CIRCULAR
Dma.TIM1_CH1.4.PeriphBurst=DMA_PBURST_SINGLE
Dma.TIM1_CH1.4.PeriphDataAlignment=DMA_PDATAALIGN_HALFWORD
Dma.TIM1_CH1.4.PeriphInc=DMA_PINC_DISABLE
Dma.TIM1_CH1.4.Priority=DMA_PRIORITY_HIGH
Dma.TIM1_CH1.4.RequestParameters=Instance,Direction,PeriphInc,MemInc,PeriphDataAlignment,MemDataAlignment,Mode,Priority,FIFOMode,FIFOThreshold,MemBurst,PeriphBurst
Dma.TIM1_CH2.5.Direction=DMA_MEMORY_TO_PERIPH
Dma.TIM1_CH2.5.FIFOMode=DMA_FIFOMODE_ENABLE
Dma.TIM1_CH2.5.FIFOThreshold=DMA_FIFO_THRESHOLD_FULL
Dma.TIM1_CH2.5.Instance=DMA2_Stream2
Dma.TIM1_CH2.5.MemBurst=DMA_MBURST_INC8
Dma.TIM1_CH2.5.MemDataAlignment=DMA_MDATAALIGN_BYTE
Dma.TIM1_CH2.5.MemInc=DMA_MINC_ENABLE
Dma.TIM1_CH2.5.Mode=DMA_CIRCULAR
Dma.TIM1_CH2.5.PeriphBurst=DMA_PBURST_SINGLE
Dma.TIM1_CH2.5.PeriphDataAlignment=DMA_PDATAALIGN_BYTE
Dma.TIM1_CH2.5.PeriphInc=DMA_PINC_DISABLE
Dma.TIM1_CH2.5.Priority=DMA_PRIORITY_HIGH
Dma.TIM1_CH2.5.RequestParameters=Instance,Direction,PeriphInc,MemInc,PeriphDataAlignment,MemDataAlignment,Mode,Priority,FIFOMode,FIFOThreshold,MemBurst,PeriphBurst
Dma.TIM1_CH3.6.Direction=DMA_MEMORY_TO_PERIPH
Dma.TIM1_CH3.6.FIFOMode=DMA_FIFOMODE_ENABLE
Dma.TIM1_CH3.6.FIFOThreshold=DMA_FIFO_THRESHOLD_FULL
Dma.TIM1_CH3.6.Instance=DMA2_Stream6
Dma.TIM1_CH3.6.MemBurst=DMA_MBURST_INC8
Dma.TIM1_CH3.6.MemDataAlignment=DMA_MDATAALIGN_HALFWORD
Dma.TIM1_CH3.6.MemInc=DMA_MINC_ENABLE
Dma.TIM1_CH3.6.Mode=DMA_CIRCULAR
Dma.TIM1_CH3.6.PeriphBurst=DMA_PBURST_SINGLE
Dma.TIM1_CH3.6.PeriphDataAlignment=DMA_PDATAALIGN_HALFWORD
Dma.TIM1_CH3.6.PeriphInc=DMA_PINC_DISABLE
Dma.TIM1_CH3.6.Priority=DMA_PRIORITY_HIGH
Dma.TIM1_CH3.6.RequestParameters=Instance,Direction,PeriphInc,MemInc,PeriphDataAlignment,MemDataAlignment,Mode,Priority,FIFOMode,FIFOThreshold,MemBurst,PeriphBurst
Dma.TIM1_CH4/TRIG/COM.7.Direction=DMA_MEMORY_TO_PERIPH
Dma.TIM1_CH4/TRIG/COM.7.FIFOMode=DMA_FIFOMODE_ENABLE
Dma.TIM1_CH4/TRIG/COM.7.FIFOThreshold=DMA_FIFO_THRESHOLD_FULL
Dma.TIM1_CH4/TRIG/COM.7.Instance=DMA2_Stream4
Dma.TIM1_CH4/TRIG/COM.7.MemBurst=DMA_MBURST_INC16
Dma.TIM1_CH4/TRIG/COM.7.MemDataAlignment=DMA_MDATAALIGN_BYTE
Dma.TIM1_CH4/TRIG/COM.7.MemInc=DMA_MINC_ENABLE
Dma.TIM1_CH4/TRIG/COM.7.Mode=DMA_CIRCULAR
Dma.TIM1_CH4/TRIG/COM.7.PeriphBurst=DMA_PBURST_SINGLE
Dma.TIM1_CH4/TRIG/COM.7.PeriphDataAlignment=DMA_PDATAALIGN_BYTE
Dma.TIM1_CH4/TRIG/COM.7.PeriphInc=DMA_PINC_DISABLE
Dma.TIM1_CH4/TRIG/COM.7.Priority=DMA_PRIORITY_HIGH
Dma.TIM1_CH4/TRIG/COM.7.RequestParameters=Instance,Direction,PeriphInc,MemInc,PeriphDataAlignment,MemDataAlignment,Mode,Priority,FIFOMode,FIFOThreshold,MemBurst,PeriphBurst
Dma.TIM1_UP.8.Direction=DMA_MEMORY_TO_PERIPH
Dma.TIM1_UP.8.FIFOMode=DMA_FIFOMODE_ENABLE
Dma.TIM1_UP.8.FIFOThreshold=DMA_FIFO_THRESHOLD_FULL
Dma.TIM1_UP.8.Instance=DMA2_Stream5
Dma.TIM1_UP.8.MemBurst=DMA_MBURST_INC8
Dma.TIM1_UP.8.MemDataAlignment=DMA_MDATAALIGN_HALFWORD
Dma.TIM1_UP.8.MemInc=DMA_MINC_ENABLE
Dma.TIM1_UP.8.Mode=DMA_CIRCULAR
Dma.TIM1_UP.8.PeriphBurst=DMA_PBURST_SINGLE
Dma.TIM1_UP.8.PeriphDataAlignment=DMA_PDATAALIGN_HALFWORD
Dma.TIM1_UP.8.PeriphInc=DMA_PINC_DISABLE
Dma.TIM1_UP.8.Priority=DMA_PRIORITY_VERY_HIGH
Dma.TIM1_UP.8.RequestParameters=Instance,Direction,PeriphInc,MemInc,PeriphDataAlignment,MemDataAlignment,Mode,Priority,FIFOMode,FIFOThreshold,MemBurst,PeriphBurst
FATFS.IPParameters=_USE_LFN,_CODE_PAGE,_FS_EXFAT,_MAX_SS,_MIN_SS,_USE_MKFS,_FS_TIMEOUT,_USE_EXPAND,_USE_TRIM,_FS_NORTC,USE_DMA_CODE_SD
FATFS.USE_DMA_CODE_SD=0
FATFS._CODE_PAGE=866
FATFS._FS_EXFAT=1
FATFS._FS_NORTC=1
FATFS._FS_TIMEOUT=2000
FATFS._MAX_SS=4096
FATFS._MIN_SS=512
FATFS._USE_EXPAND=1
FATFS._USE_LFN=1
FATFS._USE_MKFS=0
FATFS._USE_TRIM=0
File.Version=6
GPIO.groupedBy=Group By Peripherals
I2C3.DutyCycle=I2C_DUTYCYCLE_2
I2C3.I2C_Mode=I2C_Fast
I2C3.IPParameters=I2C_Mode,DutyCycle
I2S1.AudioFreq=AudioFreqCustomValue
I2S1.AudioFreqCustom=44100
I2S1.CPOL=I2S_CPOL_LOW
I2S1.ErrorAudioFreq=0.24 %
I2S1.FullDuplexMode=I2S_FULLDUPLEXMODE_DISABLE
I2S1.IPParameters=Instance,VirtualMode,FullDuplexMode,RealAudioFreq,ErrorAudioFreq,AudioFreq,Mode,CPOL,Standard,AudioFreqCustom
I2S1.Instance=SPI$Index
I2S1.Mode=I2S_MODE_MASTER_TX
I2S1.RealAudioFreq=44.109 KHz
I2S1.Standard=I2S_STANDARD_PHILIPS
I2S1.VirtualMode=I2S_MODE_MASTER
KeepUserPlacement=false
Mcu.Family=STM32F4
Mcu.IP0=ADC1
Mcu.IP1=CRC
Mcu.IP10=SYS
Mcu.IP11=TIM1
Mcu.IP12=TIM3
Mcu.IP13=TIM4
Mcu.IP14=TIM5
Mcu.IP15=TIM10
Mcu.IP16=TIM11
Mcu.IP17=TIM12
Mcu.IP18=USB_OTG_FS
Mcu.IP2=DMA
Mcu.IP3=FATFS
Mcu.IP4=I2C3
Mcu.IP5=I2S1
Mcu.IP6=NVIC
Mcu.IP7=RCC
Mcu.IP8=RTC
Mcu.IP9=SDIO
Mcu.IPNb=19
Mcu.Name=STM32F412R(E-G)Tx
Mcu.Package=LQFP64
Mcu.Pin0=PC14-OSC32_IN
Mcu.Pin1=PC15-OSC32_OUT
Mcu.Pin10=PA2
Mcu.Pin11=PA3
Mcu.Pin12=PA4
Mcu.Pin13=PA5
Mcu.Pin14=PA6
Mcu.Pin15=PA7
Mcu.Pin16=PB0
Mcu.Pin17=PB1
Mcu.Pin18=PB2
Mcu.Pin19=PB10
Mcu.Pin2=PH0 - OSC_IN
Mcu.Pin20=PB12
Mcu.Pin21=PB13
Mcu.Pin22=PB14
Mcu.Pin23=PB15
Mcu.Pin24=PC7
Mcu.Pin25=PC8
Mcu.Pin26=PC9
Mcu.Pin27=PA8
Mcu.Pin28=PA9
Mcu.Pin29=PA10
Mcu.Pin3=PH1 - OSC_OUT
Mcu.Pin30=PA11
Mcu.Pin31=PA12
Mcu.Pin32=PA13
Mcu.Pin33=PA14
Mcu.Pin34=PA15
Mcu.Pin35=PC10
Mcu.Pin36=PC11
Mcu.Pin37=PC12
Mcu.Pin38=PD2
Mcu.Pin39=PB3
Mcu.Pin4=PC0
Mcu.Pin40=PB4
Mcu.Pin41=PB5
Mcu.Pin42=PB6
Mcu.Pin43=PB7
Mcu.Pin44=PB8
Mcu.Pin45=PB9
Mcu.Pin46=VP_CRC_VS_CRC
Mcu.Pin47=VP_FATFS_VS_SDIO
Mcu.Pin48=VP_RTC_VS_RTC_Activate
Mcu.Pin49=VP_SYS_VS_Systick
Mcu.Pin5=PC1
Mcu.Pin50=VP_TIM1_VS_ClockSourceINT
Mcu.Pin51=VP_TIM1_VS_ClockSourceITR
Mcu.Pin52=VP_TIM1_VS_no_output1
Mcu.Pin53=VP_TIM1_VS_no_output2
Mcu.Pin54=VP_TIM1_VS_no_output3
Mcu.Pin55=VP_TIM1_VS_no_output4
Mcu.Pin56=VP_TIM3_VS_ClockSourceINT
Mcu.Pin57=VP_TIM4_VS_ClockSourceINT
Mcu.Pin58=VP_TIM4_VS_ClockSourceITR
Mcu.Pin59=VP_TIM5_VS_ControllerModeClock
Mcu.Pin6=PC2
Mcu.Pin60=VP_TIM5_VS_ClockSourceITR
Mcu.Pin61=VP_TIM10_VS_ClockSourceINT
Mcu.Pin62=VP_TIM10_VS_OPM
Mcu.Pin63=VP_TIM11_VS_ClockSourceINT
Mcu.Pin64=VP_TIM11_VS_OPM
Mcu.Pin65=VP_TIM12_VS_ClockSourceINT
Mcu.Pin66=VP_TIM12_VS_OPM
Mcu.Pin67=VP_STMicroelectronics.X-CUBE-AI_VS_ArtificialOoIntelligenceJjXAaCUBEAaAI_5.1.2
Mcu.Pin7=PC3
Mcu.Pin8=PA0
Mcu.Pin9=PA1
Mcu.PinsNb=68
Mcu.ThirdParty0=STMicroelectronics.X-CUBE-AI.5.1.2
Mcu.ThirdPartyNb=1
Mcu.UserConstants=
Mcu.UserName=STM32F412RETx
MxCube.Version=6.1.1
MxDb.Version=DB.6.0.10
NVIC.ADC_IRQn=true\:9\:0\:true\:false\:true\:true\:true
NVIC.BusFault_IRQn=true\:0\:0\:false\:false\:true\:false\:false
NVIC.DMA1_Stream1_IRQn=true\:14\:0\:false\:false\:true\:false\:true
NVIC.DMA1_Stream4_IRQn=true\:14\:0\:true\:false\:true\:false\:true
NVIC.DMA2_Stream0_IRQn=true\:13\:0\:true\:false\:true\:false\:true
NVIC.DMA2_Stream1_IRQn=true\:12\:0\:true\:false\:true\:false\:true
NVIC.DMA2_Stream2_IRQn=true\:12\:0\:true\:false\:true\:false\:true
NVIC.DMA2_Stream3_IRQn=true\:6\:0\:true\:false\:true\:false\:true
NVIC.DMA2_Stream4_IRQn=true\:12\:0\:true\:false\:true\:false\:true
NVIC.DMA2_Stream5_IRQn=true\:11\:0\:true\:false\:true\:false\:true
NVIC.DMA2_Stream6_IRQn=true\:12\:0\:true\:false\:true\:false\:true
NVIC.DebugMonitor_IRQn=true\:0\:0\:false\:false\:true\:false\:false
NVIC.EXTI15_10_IRQn=true\:15\:0\:true\:false\:true\:true\:true
NVIC.EXTI1_IRQn=true\:15\:0\:true\:false\:true\:true\:true
NVIC.EXTI2_IRQn=true\:15\:0\:true\:false\:true\:true\:true
NVIC.EXTI3_IRQn=true\:15\:0\:true\:false\:true\:true\:true
NVIC.EXTI9_5_IRQn=true\:15\:0\:true\:false\:true\:true\:true
NVIC.ForceEnableDMAVector=true
NVIC.HardFault_IRQn=true\:0\:0\:false\:false\:true\:false\:false
NVIC.I2C3_EV_IRQn=true\:12\:0\:true\:false\:true\:true\:true
NVIC.MemoryManagement_IRQn=true\:0\:0\:false\:false\:true\:false\:false
NVIC.NonMaskableInt_IRQn=true\:0\:0\:false\:false\:true\:false\:false
NVIC.OTG_FS_IRQn=true\:7\:0\:true\:false\:true\:true\:true
NVIC.PendSV_IRQn=true\:0\:0\:false\:false\:true\:false\:false
NVIC.PriorityGroup=NVIC_PRIORITYGROUP_4
NVIC.SVCall_IRQn=true\:0\:0\:false\:false\:true\:false\:false
NVIC.SysTick_IRQn=true\:4\:0\:true\:false\:true\:false\:true
NVIC.TIM1_BRK_TIM9_IRQn=true\:15\:0\:true\:false\:true\:true\:true
NVIC.TIM1_TRG_COM_TIM11_IRQn=true\:14\:0\:true\:false\:true\:true\:true
NVIC.TIM1_UP_TIM10_IRQn=true\:13\:0\:true\:false\:true\:true\:true
NVIC.TIM8_BRK_TIM12_IRQn=true\:15\:0\:true\:false\:true\:true\:true
NVIC.UsageFault_IRQn=true\:0\:0\:false\:false\:true\:false\:false
PA0.Signal=ADCx_IN0
PA1.GPIOParameters=GPIO_Label,GPIO_ModeDefaultEXTI
PA1.GPIO_Label=Button2
PA1.GPIO_ModeDefaultEXTI=GPIO_MODE_IT_RISING_FALLING
PA1.Locked=true
PA1.Signal=GPXTI1
PA10.GPIOParameters=GPIO_Label,GPIO_ModeDefaultEXTI
PA10.GPIO_Label=MUSB_ID
PA10.GPIO_ModeDefaultEXTI=GPIO_MODE_IT_RISING_FALLING
PA10.Locked=true
PA10.Signal=GPXTI10
PA11.Mode=Device_Only
PA11.Signal=USB_OTG_FS_DM
PA12.Mode=Device_Only
PA12.Signal=USB_OTG_FS_DP
PA13.Mode=Serial_Wire
PA13.Signal=SYS_JTMS-SWDIO
PA14.Mode=Serial_Wire
PA14.Signal=SYS_JTCK-SWCLK
PA15.GPIOParameters=GPIO_Label
PA15.GPIO_Label=USB_Select
PA15.Locked=true
PA15.Signal=GPIO_Output
PA2.GPIOParameters=GPIO_Label,GPIO_ModeDefaultEXTI
PA2.GPIO_Label=Button1
PA2.GPIO_ModeDefaultEXTI=GPIO_MODE_IT_RISING_FALLING
PA2.Locked=true
PA2.Signal=GPXTI2
PA3.GPIOParameters=GPIO_Label,GPIO_ModeDefaultEXTI
PA3.GPIO_Label=Button0
PA3.GPIO_ModeDefaultEXTI=GPIO_MODE_IT_RISING_FALLING
PA3.Locked=true
PA3.Signal=GPXTI3
PA4.GPIOParameters=GPIO_Speed,GPIO_PuPd
PA4.GPIO_PuPd=GPIO_PULLDOWN
PA4.GPIO_Speed=GPIO_SPEED_FREQ_LOW
PA4.Mode=Half_Duplex_Master
PA4.Signal=I2S1_WS
PA5.GPIOParameters=GPIO_Speed,GPIO_PuPd
PA5.GPIO_PuPd=GPIO_PULLDOWN
PA5.GPIO_Speed=GPIO_SPEED_FREQ_LOW
PA5.Mode=Half_Duplex_Master
PA5.Signal=I2S1_CK
PA6.GPIOParameters=GPIO_PuPd,GPIO_Label,GPIO_ModeDefaultOutputPP
PA6.GPIO_Label=MAX_SD
PA6.GPIO_ModeDefaultOutputPP=GPIO_MODE_OUTPUT_PP
PA6.GPIO_PuPd=GPIO_PULLUP
PA6.Locked=true
PA6.Signal=GPIO_Output
PA7.GPIOParameters=GPIO_Speed,GPIO_PuPd
PA7.GPIO_PuPd=GPIO_PULLUP
PA7.GPIO_Speed=GPIO_SPEED_FREQ_LOW
PA7.Mode=Half_Duplex_Master
PA7.Signal=I2S1_SD
PA8.GPIOParameters=GPIO_PuPdOD
PA8.GPIO_PuPdOD=GPIO_NOPULL
PA8.Mode=I2C
PA8.Signal=I2C3_SCL
PA9.GPIOParameters=GPIO_Label,GPIO_ModeDefaultEXTI
PA9.GPIO_Label=USBC_Vbus
PA9.GPIO_ModeDefaultEXTI=GPIO_MODE_IT_RISING_FALLING
PA9.Locked=true
PA9.Signal=GPXTI9
PB0.GPIOParameters=GPIO_Speed
PB0.GPIO_Speed=GPIO_SPEED_FREQ_VERY_HIGH
PB0.Locked=true
PB0.Signal=GPIO_Output
PB1.GPIOParameters=GPIO_Speed
PB1.GPIO_Speed=GPIO_SPEED_FREQ_VERY_HIGH
PB1.Locked=true
PB1.Signal=GPIO_Output
PB10.GPIOParameters=GPIO_Speed
PB10.GPIO_Speed=GPIO_SPEED_FREQ_VERY_HIGH
PB10.Locked=true
PB10.Signal=GPIO_Output
PB12.GPIOParameters=GPIO_Speed
PB12.GPIO_Speed=GPIO_SPEED_FREQ_VERY_HIGH
PB12.Locked=true
PB12.Signal=GPIO_Output
PB13.GPIOParameters=GPIO_Speed
PB13.GPIO_Speed=GPIO_SPEED_FREQ_VERY_HIGH
PB13.Locked=true
PB13.Signal=GPIO_Output
PB14.GPIOParameters=GPIO_Speed
PB14.GPIO_Speed=GPIO_SPEED_FREQ_VERY_HIGH
PB14.Locked=true
PB14.Signal=GPIO_Output
PB15.GPIOParameters=GPIO_Speed
PB15.GPIO_Speed=GPIO_SPEED_FREQ_VERY_HIGH
PB15.Locked=true
PB15.Signal=GPIO_Output
PB2.GPIOParameters=GPIO_Speed
PB2.GPIO_Speed=GPIO_SPEED_FREQ_VERY_HIGH
PB2.Locked=true
PB2.Signal=GPIO_Output
PB3.GPIOParameters=GPIO_Speed
PB3.GPIO_Speed=GPIO_SPEED_FREQ_VERY_HIGH
PB3.Locked=true
PB3.Signal=GPIO_Output
PB4.GPIOParameters=GPIO_Speed
PB4.GPIO_Speed=GPIO_SPEED_FREQ_VERY_HIGH
PB4.Locked=true
PB4.Signal=GPIO_Output
PB5.GPIOParameters=GPIO_Speed
PB5.GPIO_Speed=GPIO_SPEED_FREQ_VERY_HIGH
PB5.Locked=true
PB5.Signal=GPIO_Output
PB6.GPIOParameters=GPIO_Speed
PB6.GPIO_Speed=GPIO_SPEED_FREQ_VERY_HIGH
PB6.Locked=true
PB6.Signal=GPIO_Output
PB7.GPIOParameters=GPIO_Speed
PB7.GPIO_Speed=GPIO_SPEED_FREQ_VERY_HIGH
PB7.Locked=true
PB7.Signal=GPIO_Output
PB8.GPIOParameters=GPIO_Speed
PB8.GPIO_Speed=GPIO_SPEED_FREQ_VERY_HIGH
PB8.Locked=true
PB8.Signal=GPIO_Output
PB9.GPIOParameters=GPIO_Speed
PB9.GPIO_Speed=GPIO_SPEED_FREQ_VERY_HIGH
PB9.Locked=true
PB9.Signal=GPIO_Output
PC0.GPIOParameters=GPIO_Speed,GPIO_PuPd
PC0.GPIO_PuPd=GPIO_NOPULL
PC0.GPIO_Speed=GPIO_SPEED_FREQ_VERY_HIGH
PC0.Locked=true
PC0.Signal=GPIO_Output
PC1.GPIOParameters=GPIO_Speed,GPIO_PuPd
PC1.GPIO_PuPd=GPIO_NOPULL
PC1.GPIO_Speed=GPIO_SPEED_FREQ_VERY_HIGH
PC1.Locked=true
PC1.Signal=GPIO_Output
PC10.GPIOParameters=GPIO_Label
PC10.GPIO_Label=SDCard_Pow
PC10.Locked=true
PC10.Signal=GPIO_Output
PC11.GPIOParameters=GPIO_PuPd,GPIO_Label,GPIO_ModeDefaultEXTI
PC11.GPIO_Label=SDIO_CD
PC11.GPIO_ModeDefaultEXTI=GPIO_MODE_IT_RISING_FALLING
PC11.GPIO_PuPd=GPIO_PULLUP
PC11.Locked=true
PC11.Signal=GPXTI11
PC12.GPIOParameters=GPIO_PuPd,GPIO_Speed_High_Default
PC12.GPIO_PuPd=GPIO_NOPULL
PC12.GPIO_Speed_High_Default=GPIO_SPEED_FREQ_LOW
PC12.Mode=SD_1_bit
PC12.Signal=SDIO_CK
PC14-OSC32_IN.Mode=LSE-External-Oscillator
PC14-OSC32_IN.Signal=RCC_OSC32_IN
PC15-OSC32_OUT.Mode=LSE-External-Oscillator
PC15-OSC32_OUT.Signal=RCC_OSC32_OUT
PC2.GPIOParameters=GPIO_Speed,GPIO_PuPd
PC2.GPIO_PuPd=GPIO_NOPULL
PC2.GPIO_Speed=GPIO_SPEED_FREQ_VERY_HIGH
PC2.Locked=true
PC2.Signal=GPIO_Output
PC3.GPIOParameters=GPIO_Speed,GPIO_PuPd
PC3.GPIO_PuPd=GPIO_NOPULL
PC3.GPIO_Speed=GPIO_SPEED_FREQ_VERY_HIGH
PC3.Locked=true
PC3.Signal=GPIO_Output
PC7.GPIOParameters=GPIO_Speed
PC7.GPIO_Speed=GPIO_SPEED_FREQ_VERY_HIGH
PC7.Locked=true
PC7.Signal=GPIO_Output
PC8.GPIOParameters=GPIO_PuPd,GPIO_Speed_High_Default
PC8.GPIO_PuPd=GPIO_NOPULL
PC8.GPIO_Speed_High_Default=GPIO_SPEED_FREQ_LOW
PC8.Mode=SD_1_bit
PC8.Signal=SDIO_D0
PC9.GPIOParameters=GPIO_PuPdOD
PC9.GPIO_PuPdOD=GPIO_NOPULL
PC9.Mode=I2C
PC9.Signal=I2C3_SDA
PD2.GPIOParameters=GPIO_PuPd,GPIO_Speed_High_Default
PD2.GPIO_PuPd=GPIO_NOPULL
PD2.GPIO_Speed_High_Default=GPIO_SPEED_FREQ_LOW
PD2.Mode=SD_1_bit
PD2.Signal=SDIO_CMD
PH0\ -\ OSC_IN.Mode=HSE-External-Oscillator
PH0\ -\ OSC_IN.Signal=RCC_OSC_IN
PH1\ -\ OSC_OUT.Mode=HSE-External-Oscillator
PH1\ -\ OSC_OUT.Signal=RCC_OSC_OUT
PinOutPanel.RotationAngle=0
ProjectManager.AskForMigrate=true
ProjectManager.BackupPrevious=true
ProjectManager.CompilerOptimize=6
ProjectManager.ComputerToolchain=false
ProjectManager.CoupleFile=true
ProjectManager.CustomerFirmwarePackage=
ProjectManager.DefaultFWLocation=true
ProjectManager.DeletePrevious=true
ProjectManager.DeviceId=STM32F412RETx
ProjectManager.FirmwarePackage=STM32Cube FW_F4 V1.25.2
ProjectManager.FreePins=true
ProjectManager.HalAssertFull=false
ProjectManager.HeapSize=0x10000
ProjectManager.KeepUserCode=true
ProjectManager.LastFirmware=true
ProjectManager.LibraryCopy=1
ProjectManager.MainLocation=Src
ProjectManager.NoMain=false
ProjectManager.PreviousToolchain=STM32CubeIDE
ProjectManager.ProjectBuild=false
ProjectManager.ProjectFileName=LCube.ioc
ProjectManager.ProjectName=LCube
ProjectManager.RegisterCallBack=
ProjectManager.StackSize=0x4000
ProjectManager.TargetToolchain=STM32CubeIDE
ProjectManager.ToolChainLocation=
ProjectManager.UnderRoot=true
ProjectManager.functionlistsort=1-MX_GPIO_Init-GPIO-false-HAL-true,2-MX_DMA_Init-DMA-false-HAL-true,3-SystemClock_Config-RCC-false-HAL-false,4-MX_ADC1_Init-ADC1-false-HAL-true,5-MX_I2C3_Init-I2C3-false-HAL-true,6-MX_I2S1_Init-I2S1-false-HAL-true,7-MX_RTC_Init-RTC-false-HAL-true,8-MX_TIM1_Init-TIM1-false-HAL-true,9-MX_SDIO_SD_Init-SDIO-true-HAL-false,10-MX_FATFS_Init-FATFS-true-HAL-false,11-MX_TIM5_Init-TIM5-true-HAL-false,12-MX_TIM3_Init-TIM3-false-HAL-true,13-MX_CRC_Init-CRC-false-HAL-true,14-MX_TIM4_Init-TIM4-true-HAL-true,15-MX_TIM10_Init-TIM10-false-HAL-true,16-MX_TIM11_Init-TIM11-false-HAL-true,17-MX_TIM12_Init-TIM12-false-HAL-true,18-MX_USB_OTG_FS_PCD_Init-USB_OTG_FS-true-HAL-true
RCC.AHBFreq_Value=120000000
RCC.APB1CLKDivider=RCC_HCLK_DIV2
RCC.APB1Freq_Value=60000000
RCC.APB1TimFreq_Value=120000000
RCC.APB2CLKDivider=RCC_HCLK_DIV2
RCC.APB2Freq_Value=60000000
RCC.APB2TimFreq_Value=120000000
RCC.CortexFreq_Value=120000000
RCC.DFSDMAudioFreq_Value=49402597.402597405
RCC.DFSDMFreq_Value=60000000
RCC.FCLKCortexFreq_Value=120000000
RCC.FLatency=FLASH_LATENCY_4
RCC.FMPI2C1Freq_Value=60000000
RCC.FamilyName=M
RCC.HCLKFreq_Value=120000000
RCC.HSE_VALUE=12000000
RCC.I2S1Freq_Value=49402597.402597405
RCC.I2S2Freq_Value=49402597.402597405
RCC.IPParameters=AHBFreq_Value,APB1CLKDivider,APB1Freq_Value,APB1TimFreq_Value,APB2CLKDivider,APB2Freq_Value,APB2TimFreq_Value,CortexFreq_Value,DFSDMAudioFreq_Value,DFSDMFreq_Value,FCLKCortexFreq_Value,FLatency,FMPI2C1Freq_Value,FamilyName,HCLKFreq_Value,HSE_VALUE,I2S1Freq_Value,I2S2Freq_Value,MCO2PinFreq_Value,PLLCLKFreq_Value,PLLI2SM,PLLI2SN,PLLI2SP,PLLI2SPCLKFreq_Value,PLLI2SQ,PLLI2SQCLKFreq_Value,PLLI2SQoutputFreq_Value,PLLI2SR,PLLI2SRCLKFreq_Value,PLLI2SoutputFreq_Value,PLLM,PLLN,PLLQ,PLLQCLKFreq_Value,PLLQoutputFreq_Value,PLLR,PLLRCLKFreq_Value,PLLRoutputFreq_Value,PWRFreq_Value,RCC_RTC_Clock_Source,RCC_RTC_Clock_SourceVirtual,RCC_TIM_PRescaler_Selection,RNGFreq_Value,RTCFreq_Value,SDIOFreq_Value,SYSCLKFreq_VALUE,SYSCLKSource,USBFreq_Value,VCOI2SInputFreq_Value,VCOI2SOutputFreq_Value,VCOInputFreq_Value,VCOOutputFreq_Value
RCC.MCO2PinFreq_Value=120000000
RCC.PLLCLKFreq_Value=120000000
RCC.PLLI2SM=11
RCC.PLLI2SN=317
RCC.PLLI2SP=RCC_PLLI2SP_DIV8
RCC.PLLI2SPCLKFreq_Value=43227272.72727273
RCC.PLLI2SQ=8
RCC.PLLI2SQCLKFreq_Value=43227272.72727273
RCC.PLLI2SQoutputFreq_Value=43227272.72727273
RCC.PLLI2SR=7
RCC.PLLI2SRCLKFreq_Value=49402597.402597405
RCC.PLLI2SoutputFreq_Value=43227272.72727273
RCC.PLLM=8
RCC.PLLN=160
RCC.PLLQ=5
RCC.PLLQCLKFreq_Value=48000000
RCC.PLLQoutputFreq_Value=48000000
RCC.PLLR=5
RCC.PLLRCLKFreq_Value=48000000
RCC.PLLRoutputFreq_Value=48000000
RCC.PWRFreq_Value=120000000
RCC.RCC_RTC_Clock_Source=RCC_RTCCLKSOURCE_LSE
RCC.RCC_RTC_Clock_SourceVirtual=RCC_RTCCLKSOURCE_LSE
RCC.RCC_TIM_PRescaler_Selection=RCC_TIMPRES_DESACTIVATED
RCC.RNGFreq_Value=48000000
RCC.RTCFreq_Value=32768
RCC.SDIOFreq_Value=48000000
RCC.SYSCLKFreq_VALUE=120000000
RCC.SYSCLKSource=RCC_SYSCLKSOURCE_PLLCLK
RCC.USBFreq_Value=48000000
RCC.VCOI2SInputFreq_Value=1090909.0909090908
RCC.VCOI2SOutputFreq_Value=345818181.8181818
RCC.VCOInputFreq_Value=1500000
RCC.VCOOutputFreq_Value=240000000
SDIO.ClockBypass=SDIO_CLOCK_BYPASS_DISABLE
SDIO.ClockDiv=2
SDIO.ClockPowerSave=SDIO_CLOCK_POWER_SAVE_DISABLE
SDIO.HardwareFlowControl=SDIO_HARDWARE_FLOW_CONTROL_ENABLE
SDIO.IPParameters=ClockBypass,ClockDiv,HardwareFlowControl,ClockPowerSave
SH.ADCx_IN0.0=ADC1_IN0,IN0
SH.ADCx_IN0.ConfNb=1
SH.GPXTI1.0=GPIO_EXTI1
SH.GPXTI1.ConfNb=1
SH.GPXTI10.0=GPIO_EXTI10
SH.GPXTI10.ConfNb=1
SH.GPXTI11.0=GPIO_EXTI11
SH.GPXTI11.ConfNb=1
SH.GPXTI2.0=GPIO_EXTI2
SH.GPXTI2.ConfNb=1
SH.GPXTI3.0=GPIO_EXTI3
SH.GPXTI3.ConfNb=1
SH.GPXTI9.0=GPIO_EXTI9
SH.GPXTI9.ConfNb=1
STMicroelectronics.X-CUBE-AI.5.1.2.ActivationBufferSizeList=21352
STMicroelectronics.X-CUBE-AI.5.1.2.ArtificialOoIntelligenceJjXAaCUBEAaAI_Checked=true
STMicroelectronics.X-CUBE-AI.5.1.2.HeapSize=0x10000
STMicroelectronics.X-CUBE-AI.5.1.2.IPParameters=XAaCUBEAaAICcArtificialOoIntelligenceJjCore,HeapSize,StackSize,ModelName-7eaf034a37b35a45d6d7cf12b8d3d31f6f34ced2ad5d0e77518c34e53d65cea4,ModelType-7eaf034a37b35a45d6d7cf12b8d3d31f6f34ced2ad5d0e77518c34e53d65cea4,ModelKind-7eaf034a37b35a45d6d7cf12b8d3d31f6f34ced2ad5d0e77518c34e53d65cea4,ModelHashList,ModelNameList,WorkingBufferStartAddrList,LatestDirectoryUsed-7eaf034a37b35a45d6d7cf12b8d3d31f6f34ced2ad5d0e77518c34e53d65cea4,ModelFlashOccupation-7eaf034a37b35a45d6d7cf12b8d3d31f6f34ced2ad5d0e77518c34e53d65cea4,ModelRamOccupation-7eaf034a37b35a45d6d7cf12b8d3d31f6f34ced2ad5d0e77518c34e53d65cea4,ModelMacc-7eaf034a37b35a45d6d7cf12b8d3d31f6f34ced2ad5d0e77518c34e53d65cea4,ModelActualCompression-7eaf034a37b35a45d6d7cf12b8d3d31f6f34ced2ad5d0e77518c34e53d65cea4,ModelCompression-7eaf034a37b35a45d6d7cf12b8d3d31f6f34ced2ad5d0e77518c34e53d65cea4,InternalRamActivationBufferMaxSize,ActivationBufferSizeList,MaximumNumberOfInputLayer,MaximumNumberOfOutputLayer,MaximumSizeOfInputLayer,MaximumSizeOfOutputLayer,ModelStructureFile-7eaf034a37b35a45d6d7cf12b8d3d31f6f34ced2ad5d0e77518c34e53d65cea4,ValidationInputFileHistory-7eaf034a37b35a45d6d7cf12b8d3d31f6f34ced2ad5d0e77518c34e53d65cea4,ValidationOutputFileHistory-7eaf034a37b35a45d6d7cf12b8d3d31f6f34ced2ad5d0e77518c34e53d65cea4
STMicroelectronics.X-CUBE-AI.5.1.2.InternalRamActivationBufferMaxSize=AI_VOICECOMMANDSNN_DATA_ACTIVATIONS_SIZE
STMicroelectronics.X-CUBE-AI.5.1.2.LatestDirectoryUsed-7eaf034a37b35a45d6d7cf12b8d3d31f6f34ced2ad5d0e77518c34e53d65cea4=D\:\\Projects\\NN_Ledokol
STMicroelectronics.X-CUBE-AI.5.1.2.MaximumNumberOfInputLayer=1
STMicroelectronics.X-CUBE-AI.5.1.2.MaximumNumberOfOutputLayer=1
STMicroelectronics.X-CUBE-AI.5.1.2.MaximumSizeOfInputLayer=AI_VOICECOMMANDSNN_IN_1_SIZE_BYTES
STMicroelectronics.X-CUBE-AI.5.1.2.MaximumSizeOfOutputLayer=AI_VOICECOMMANDSNN_OUT_1_SIZE_BYTES
STMicroelectronics.X-CUBE-AI.5.1.2.ModelActualCompression-7eaf034a37b35a45d6d7cf12b8d3d31f6f34ced2ad5d0e77518c34e53d65cea4=0.0
STMicroelectronics.X-CUBE-AI.5.1.2.ModelCompression-7eaf034a37b35a45d6d7cf12b8d3d31f6f34ced2ad5d0e77518c34e53d65cea4=1
STMicroelectronics.X-CUBE-AI.5.1.2.ModelFlashOccupation-7eaf034a37b35a45d6d7cf12b8d3d31f6f34ced2ad5d0e77518c34e53d65cea4=45420
STMicroelectronics.X-CUBE-AI.5.1.2.ModelHashList=7eaf034a37b35a45d6d7cf12b8d3d31f6f34ced2ad5d0e77518c34e53d65cea4
STMicroelectronics.X-CUBE-AI.5.1.2.ModelKind-7eaf034a37b35a45d6d7cf12b8d3d31f6f34ced2ad5d0e77518c34e53d65cea4=KERAS
STMicroelectronics.X-CUBE-AI.5.1.2.ModelMacc-7eaf034a37b35a45d6d7cf12b8d3d31f6f34ced2ad5d0e77518c34e53d65cea4=406205
STMicroelectronics.X-CUBE-AI.5.1.2.ModelName-7eaf034a37b35a45d6d7cf12b8d3d31f6f34ced2ad5d0e77518c34e53d65cea4=voicecommandsnn
STMicroelectronics.X-CUBE-AI.5.1.2.ModelNameList=voicecommandsnn
STMicroelectronics.X-CUBE-AI.5.1.2.ModelRamOccupation-7eaf034a37b35a45d6d7cf12b8d3d31f6f34ced2ad5d0e77518c34e53d65cea4=21352
STMicroelectronics.X-CUBE-AI.5.1.2.ModelStructureFile-7eaf034a37b35a45d6d7cf12b8d3d31f6f34ced2ad5d0e77518c34e53d65cea4=D\:\\Projects\\NN_Ledokol\\model.h5
STMicroelectronics.X-CUBE-AI.5.1.2.ModelType-7eaf034a37b35a45d6d7cf12b8d3d31f6f34ced2ad5d0e77518c34e53d65cea4=Saved model
STMicroelectronics.X-CUBE-AI.5.1.2.StackSize=0x4000
STMicroelectronics.X-CUBE-AI.5.1.2.ValidationInputFileHistory-7eaf034a37b35a45d6d7cf12b8d3d31f6f34ced2ad5d0e77518c34e53d65cea4=
STMicroelectronics.X-CUBE-AI.5.1.2.ValidationOutputFileHistory-7eaf034a37b35a45d6d7cf12b8d3d31f6f34ced2ad5d0e77518c34e53d65cea4=
STMicroelectronics.X-CUBE-AI.5.1.2.WorkingBufferStartAddrList=0xFFFFFFFF
STMicroelectronics.X-CUBE-AI.5.1.2.XAaCUBEAaAICcArtificialOoIntelligenceJjCore=true
STMicroelectronics.X-CUBE-AI.5.1.2_SwParameter=XAaCUBEAaAICcArtificialOoIntelligenceJjCore\:true;
TIM1.AutoReloadPreload=TIM_AUTORELOAD_PRELOAD_DISABLE
TIM1.BreakState=TIM_BREAK_DISABLE
TIM1.Channel-PWM\ Generation1\ No\ Output=TIM_CHANNEL_1
TIM1.Channel-PWM\ Generation2\ No\ Output=TIM_CHANNEL_2
TIM1.Channel-PWM\ Generation3\ No\ Output=TIM_CHANNEL_3
TIM1.Channel-PWM\ Generation4\ No\ Output=TIM_CHANNEL_4
TIM1.ClockDivision=TIM_CLOCKDIVISION_DIV1
TIM1.CounterMode=TIM_COUNTERMODE_DOWN
TIM1.IPParameters=Channel-PWM Generation3 No Output,Channel-PWM Generation1 No Output,Period,Prescaler,Pulse-PWM Generation3 No Output,CounterMode,ClockDivision,BreakState,OC1Preload_PWM,OC3Preload_PWM,OCPolarity_3,OCMode_PWM-PWM Generation3 No Output,OCMode_PWM-PWM Generation1 No Output,AutoReloadPreload,TIM_MasterOutputTrigger,TIM_MasterSlaveMode,OCFastMode_PWM-PWM Generation3 No Output,OCPolarity_1,OCIdleState_1,OCIdleState_3,Channel-PWM Generation2 No Output,Channel-PWM Generation4 No Output,OCMode_PWM-PWM Generation2 No Output,OCMode_PWM-PWM Generation4 No Output,Pulse-PWM Generation4 No Output,Pulse-PWM Generation1 No Output,Pulse-PWM Generation2 No Output,OC2Preload_PWM,OC4Preload_PWM,OCFastMode_PWM-PWM Generation4 No Output,OCFastMode_PWM-PWM Generation1 No Output,OCFastMode_PWM-PWM Generation2 No Output
TIM1.OC1Preload_PWM=ENABLE
TIM1.OC2Preload_PWM=ENABLE
TIM1.OC3Preload_PWM=ENABLE
TIM1.OC4Preload_PWM=ENABLE
TIM1.OCFastMode_PWM-PWM\ Generation1\ No\ Output=TIM_OCFAST_ENABLE
TIM1.OCFastMode_PWM-PWM\ Generation2\ No\ Output=TIM_OCFAST_ENABLE
TIM1.OCFastMode_PWM-PWM\ Generation3\ No\ Output=TIM_OCFAST_ENABLE
TIM1.OCFastMode_PWM-PWM\ Generation4\ No\ Output=TIM_OCFAST_ENABLE
TIM1.OCIdleState_1=TIM_OCIDLESTATE_RESET
TIM1.OCIdleState_3=TIM_OCIDLESTATE_RESET
TIM1.OCMode_PWM-PWM\ Generation1\ No\ Output=TIM_OCMODE_PWM1
TIM1.OCMode_PWM-PWM\ Generation2\ No\ Output=TIM_OCMODE_PWM1
TIM1.OCMode_PWM-PWM\ Generation3\ No\ Output=TIM_OCMODE_PWM1
TIM1.OCMode_PWM-PWM\ Generation4\ No\ Output=TIM_OCMODE_PWM1
TIM1.OCPolarity_1=TIM_OCPOLARITY_HIGH
TIM1.OCPolarity_3=TIM_OCPOLARITY_HIGH
TIM1.Period=9999
TIM1.Prescaler=0
TIM1.Pulse-PWM\ Generation1\ No\ Output=9980
TIM1.Pulse-PWM\ Generation2\ No\ Output=9980
TIM1.Pulse-PWM\ Generation3\ No\ Output=3000
TIM1.Pulse-PWM\ Generation4\ No\ Output=5000
TIM1.TIM_MasterOutputTrigger=TIM_TRGO_RESET
TIM1.TIM_MasterSlaveMode=TIM_MASTERSLAVEMODE_DISABLE
TIM10.IPParameters=Period
TIM10.Period=1
TIM11.IPParameters=Period
TIM11.Period=1
TIM12.IPParameters=Period
TIM12.Period=1
TIM3.IPParameters=Prescaler,Period,TIM_MasterOutputTrigger
TIM3.Period=1
TIM3.Prescaler=3749
TIM3.TIM_MasterOutputTrigger=TIM_TRGO_UPDATE
TIM4.IPParameters=Period,TIM_MasterSlaveMode,TIM_MasterOutputTrigger
TIM4.Period=3
TIM4.TIM_MasterOutputTrigger=TIM_TRGO_UPDATE
TIM4.TIM_MasterSlaveMode=TIM_MASTERSLAVEMODE_DISABLE
TIM5.ClockDivision=TIM_CLOCKDIVISION_DIV1
TIM5.CounterMode=TIM_COUNTERMODE_UP
TIM5.IPParameters=ClockDivision,Prescaler,Period,CounterMode
TIM5.Period=0xffffffff
TIM5.Prescaler=29999
USB_OTG_FS.IPParameters=VirtualMode
USB_OTG_FS.VirtualMode=Device_Only
VP_CRC_VS_CRC.Mode=CRC_Activate
VP_CRC_VS_CRC.Signal=CRC_VS_CRC
VP_FATFS_VS_SDIO.Mode=SDIO
VP_FATFS_VS_SDIO.Signal=FATFS_VS_SDIO
VP_RTC_VS_RTC_Activate.Mode=RTC_Enabled
VP_RTC_VS_RTC_Activate.Signal=RTC_VS_RTC_Activate
VP_STMicroelectronics.X-CUBE-AI_VS_ArtificialOoIntelligenceJjXAaCUBEAaAI_5.1.2.Mode=ArtificialOoIntelligenceJjXAaCUBEAaAI
VP_STMicroelectronics.X-CUBE-AI_VS_ArtificialOoIntelligenceJjXAaCUBEAaAI_5.1.2.Signal=STMicroelectronics.X-CUBE-AI_VS_ArtificialOoIntelligenceJjXAaCUBEAaAI_5.1.2
VP_SYS_VS_Systick.Mode=SysTick
VP_SYS_VS_Systick.Signal=SYS_VS_Systick
VP_TIM10_VS_ClockSourceINT.Mode=Enable_Timer
VP_TIM10_VS_ClockSourceINT.Signal=TIM10_VS_ClockSourceINT
VP_TIM10_VS_OPM.Mode=OPM_bit
VP_TIM10_VS_OPM.Signal=TIM10_VS_OPM
VP_TIM11_VS_ClockSourceINT.Mode=Enable_Timer
VP_TIM11_VS_ClockSourceINT.Signal=TIM11_VS_ClockSourceINT
VP_TIM11_VS_OPM.Mode=OPM_bit
VP_TIM11_VS_OPM.Signal=TIM11_VS_OPM
VP_TIM12_VS_ClockSourceINT.Mode=Internal
VP_TIM12_VS_ClockSourceINT.Signal=TIM12_VS_ClockSourceINT
VP_TIM12_VS_OPM.Mode=OPM_bit
VP_TIM12_VS_OPM.Signal=TIM12_VS_OPM
VP_TIM1_VS_ClockSourceINT.Mode=Internal
VP_TIM1_VS_ClockSourceINT.Signal=TIM1_VS_ClockSourceINT
VP_TIM1_VS_ClockSourceITR.Mode=TriggerSource_ITR0
VP_TIM1_VS_ClockSourceITR.Signal=TIM1_VS_ClockSourceITR
VP_TIM1_VS_no_output1.Mode=PWM Generation1 No Output
VP_TIM1_VS_no_output1.Signal=TIM1_VS_no_output1
VP_TIM1_VS_no_output2.Mode=PWM Generation2 No Output
VP_TIM1_VS_no_output2.Signal=TIM1_VS_no_output2
VP_TIM1_VS_no_output3.Mode=PWM Generation3 No Output
VP_TIM1_VS_no_output3.Signal=TIM1_VS_no_output3
VP_TIM1_VS_no_output4.Mode=PWM Generation4 No Output
VP_TIM1_VS_no_output4.Signal=TIM1_VS_no_output4
VP_TIM3_VS_ClockSourceINT.Mode=Internal
VP_TIM3_VS_ClockSourceINT.Signal=TIM3_VS_ClockSourceINT
VP_TIM4_VS_ClockSourceINT.Mode=Internal
VP_TIM4_VS_ClockSourceINT.Signal=TIM4_VS_ClockSourceINT
VP_TIM4_VS_ClockSourceITR.Mode=TriggerSource_ITR2
VP_TIM4_VS_ClockSourceITR.Signal=TIM4_VS_ClockSourceITR
VP_TIM5_VS_ClockSourceITR.Mode=TriggerSource_ITR2
VP_TIM5_VS_ClockSourceITR.Signal=TIM5_VS_ClockSourceITR
VP_TIM5_VS_ControllerModeClock.Mode=Clock Mode
VP_TIM5_VS_ControllerModeClock.Signal=TIM5_VS_ControllerModeClock
board=custom
isbadioc=false
